PODS:
  - DACircularProgress (2.3.1)
  - FLAnimatedImage (1.0.12)
  - Hue (2.0.1)
  - IDMPhotoBrowser (1.11.3):
    - DACircularProgress
    - pop
    - SDWebImage (= 4.0.0)
  - NYTPhotoViewer (1.1.0):
    - NYTPhotoViewer/AnimatedGifSupport (= 1.1.0)
    - NYTPhotoViewer/Core (= 1.1.0)
  - NYTPhotoViewer/AnimatedGifSupport (1.1.0):
    - FLAnimatedImage (~> 1.0.8)
    - NYTPhotoViewer/Core
  - NYTPhotoViewer/Core (1.1.0)
  - pop (1.0.10)
  - SDWebImage (4.0.0):
    - SDWebImage/Core (= 4.0.0)
  - SDWebImage/Core (4.0.0)
  - SnapKit (3.2.0)

DEPENDENCIES:
  - Hue
  - IDMPhotoBrowser (~> 1.11)
  - NYTPhotoViewer (~> 1.1.0)
  - SnapKit (~> 3.2.0)

SPEC CHECKSUMS:
  DACircularProgress: 4dd437c0fc3da5161cb289e07ac449493d41db71
  FLAnimatedImage: 4a0b56255d9b05f18b6dd7ee06871be5d3b89e31
  Hue: 354caec055fdc9d38b5ef33ca2e7224721843baf
  IDMPhotoBrowser: b96159fe4adb991a844068eb17dab9c0b7d7e51a
  NYTPhotoViewer: e80e8767f3780d2df37c6f72cbab15d6c7232911
  pop: 82ca6b068ce9278fd350fd9dd09482a0ce9492e6
  SDWebImage: 76a6348bdc74eb5a55dd08a091ef298e56b55e41
  SnapKit: 1ca44df72cfa543218d177cb8aab029d10d86ea7

PODFILE CHECKSUM: e27a9344003af324a4c811e88045b3387fef1655

COCOAPODS: 1.3.1
