// !$*UTF8*$!
{
	archiveVersion = 1;
	classes = {
	};
	objectVersion = 46;
	objects = {

/* Begin PBXBuildFile section */
		AA31DFED1B833C3300D9D062 /* main.m in Sources */ = {isa = PBXBuildFile; fileRef = AA31DFEC1B833C3300D9D062 /* main.m */; };
		AA31DFF01B833C3300D9D062 /* AppDelegate.m in Sources */ = {isa = PBXBuildFile; fileRef = AA31DFEF1B833C3300D9D062 /* AppDelegate.m */; };
		AA31DFF31B833C3300D9D062 /* ViewController.m in Sources */ = {isa = PBXBuildFile; fileRef = AA31DFF21B833C3300D9D062 /* ViewController.m */; };
		AA31DFF61B833C3300D9D062 /* Main.storyboard in Resources */ = {isa = PBXBuildFile; fileRef = AA31DFF41B833C3300D9D062 /* Main.storyboard */; };
		AA31DFF81B833C3300D9D062 /* Images.xcassets in Resources */ = {isa = PBXBuildFile; fileRef = AA31DFF71B833C3300D9D062 /* Images.xcassets */; };
		AA31DFFB1B833C3300D9D062 /* LaunchScreen.xib in Resources */ = {isa = PBXBuildFile; fileRef = AA31DFF91B833C3300D9D062 /* LaunchScreen.xib */; };
		AA31E0071B833C3300D9D062 /* HelloWebViewTests.m in Sources */ = {isa = PBXBuildFile; fileRef = AA31E0061B833C3300D9D062 /* HelloWebViewTests.m */; };
/* End PBXBuildFile section */

/* Begin PBXContainerItemProxy section */
		AA31E0011B833C3300D9D062 /* PBXContainerItemProxy */ = {
			isa = PBXContainerItemProxy;
			containerPortal = AA31DFDF1B833C3300D9D062 /* Project object */;
			proxyType = 1;
			remoteGlobalIDString = AA31DFE61B833C3300D9D062;
			remoteInfo = HelloWebView;
		};
/* End PBXContainerItemProxy section */

/* Begin PBXFileReference section */
		AA31DFE71B833C3300D9D062 /* HelloWebView.app */ = {isa = PBXFileReference; explicitFileType = wrapper.application; includeInIndex = 0; path = HelloWebView.app; sourceTree = BUILT_PRODUCTS_DIR; };
		AA31DFEB1B833C3300D9D062 /* Info.plist */ = {isa = PBXFileReference; lastKnownFileType = text.plist.xml; path = Info.plist; sourceTree = "<group>"; };
		AA31DFEC1B833C3300D9D062 /* main.m */ = {isa = PBXFileReference; lastKnownFileType = sourcecode.c.objc; path = main.m; sourceTree = "<group>"; };
		AA31DFEE1B833C3300D9D062 /* AppDelegate.h */ = {isa = PBXFileReference; lastKnownFileType = sourcecode.c.h; path = AppDelegate.h; sourceTree = "<group>"; };
		AA31DFEF1B833C3300D9D062 /* AppDelegate.m */ = {isa = PBXFileReference; lastKnownFileType = sourcecode.c.objc; path = AppDelegate.m; sourceTree = "<group>"; };
		AA31DFF11B833C3300D9D062 /* ViewController.h */ = {isa = PBXFileReference; lastKnownFileType = sourcecode.c.h; path = ViewController.h; sourceTree = "<group>"; };
		AA31DFF21B833C3300D9D062 /* ViewController.m */ = {isa = PBXFileReference; lastKnownFileType = sourcecode.c.objc; path = ViewController.m; sourceTree = "<group>"; };
		AA31DFF51B833C3300D9D062 /* Base */ = {isa = PBXFileReference; lastKnownFileType = file.storyboard; name = Base; path = Base.lproj/Main.storyboard; sourceTree = "<group>"; };
		AA31DFF71B833C3300D9D062 /* Images.xcassets */ = {isa = PBXFileReference; lastKnownFileType = folder.assetcatalog; path = Images.xcassets; sourceTree = "<group>"; };
		AA31DFFA1B833C3300D9D062 /* Base */ = {isa = PBXFileReference; lastKnownFileType = file.xib; name = Base; path = Base.lproj/LaunchScreen.xib; sourceTree = "<group>"; };
		AA31E0001B833C3300D9D062 /* HelloWebViewTests.xctest */ = {isa = PBXFileReference; explicitFileType = wrapper.cfbundle; includeInIndex = 0; path = HelloWebViewTests.xctest; sourceTree = BUILT_PRODUCTS_DIR; };
		AA31E0051B833C3300D9D062 /* Info.plist */ = {isa = PBXFileReference; lastKnownFileType = text.plist.xml; path = Info.plist; sourceTree = "<group>"; };
		AA31E0061B833C3300D9D062 /* HelloWebViewTests.m */ = {isa = PBXFileReference; lastKnownFileType = sourcecode.c.objc; path = HelloWebViewTests.m; sourceTree = "<group>"; };
/* End PBXFileReference section */

/* Begin PBXFrameworksBuildPhase section */
		AA31DFE41B833C3300D9D062 /* Frameworks */ = {
			isa = PBXFrameworksBuildPhase;
			buildActionMask = 2147483647;
			files = (
			);
			runOnlyForDeploymentPostprocessing = 0;
		};
		AA31DFFD1B833C3300D9D062 /* Frameworks */ = {
			isa = PBXFrameworksBuildPhase;
			buildActionMask = 2147483647;
			files = (
			);
			runOnlyForDeploymentPostprocessing = 0;
		};
/* End PBXFrameworksBuildPhase section */

/* Begin PBXGroup section */
		AA31DFDE1B833C3300D9D062 = {
			isa = PBXGroup;
			children = (
				AA31DFE91B833C3300D9D062 /* HelloWebView */,
				AA31E0031B833C3300D9D062 /* HelloWebViewTests */,
				AA31DFE81B833C3300D9D062 /* Products */,
			);
			sourceTree = "<group>";
		};
		AA31DFE81B833C3300D9D062 /* Products */ = {
			isa = PBXGroup;
			children = (
				AA31DFE71B833C3300D9D062 /* HelloWebView.app */,
				AA31E0001B833C3300D9D062 /* HelloWebViewTests.xctest */,
			);
			name = Products;
			sourceTree = "<group>";
		};
		AA31DFE91B833C3300D9D062 /* HelloWebView */ = {
			isa = PBXGroup;
			children = (
				AA31DFEE1B833C3300D9D062 /* AppDelegate.h */,
				AA31DFEF1B833C3300D9D062 /* AppDelegate.m */,
				AA31DFF11B833C3300D9D062 /* ViewController.h */,
				AA31DFF21B833C3300D9D062 /* ViewController.m */,
				AA31DFF41B833C3300D9D062 /* Main.storyboard */,
				AA31DFF71B833C3300D9D062 /* Images.xcassets */,
				AA31DFF91B833C3300D9D062 /* LaunchScreen.xib */,
				AA31DFEA1B833C3300D9D062 /* Supporting Files */,
			);
			path = HelloWebView;
			sourceTree = "<group>";
		};
		AA31DFEA1B833C3300D9D062 /* Supporting Files */ = {
			isa = PBXGroup;
			children = (
				AA31DFEB1B833C3300D9D062 /* Info.plist */,
				AA31DFEC1B833C3300D9D062 /* main.m */,
			);
			name = "Supporting Files";
			sourceTree = "<group>";
		};
		AA31E0031B833C3300D9D062 /* HelloWebViewTests */ = {
			isa = PBXGroup;
			children = (
				AA31E0061B833C3300D9D062 /* HelloWebViewTests.m */,
				AA31E0041B833C3300D9D062 /* Supporting Files */,
			);
			path = HelloWebViewTests;
			sourceTree = "<group>";
		};
		AA31E0041B833C3300D9D062 /* Supporting Files */ = {
			isa = PBXGroup;
			children = (
				AA31E0051B833C3300D9D062 /* Info.plist */,
			);
			name = "Supporting Files";
			sourceTree = "<group>";
		};
/* End PBXGroup section */

/* Begin PBXNativeTarget section */
		AA31DFE61B833C3300D9D062 /* HelloWebView */ = {
			isa = PBXNativeTarget;
			buildConfigurationList = AA31E00A1B833C3300D9D062 /* Build configuration list for PBXNativeTarget "HelloWebView" */;
			buildPhases = (
				AA31DFE31B833C3300D9D062 /* Sources */,
				AA31DFE41B833C3300D9D062 /* Frameworks */,
				AA31DFE51B833C3300D9D062 /* Resources */,
			);
			buildRules = (
			);
			dependencies = (
			);
			name = HelloWebView;
			productName = HelloWebView;
			productReference = AA31DFE71B833C3300D9D062 /* HelloWebView.app */;
			productType = "com.apple.product-type.application";
		};
		AA31DFFF1B833C3300D9D062 /* HelloWebViewTests */ = {
			isa = PBXNativeTarget;
			buildConfigurationList = AA31E00D1B833C3300D9D062 /* Build configuration list for PBXNativeTarget "HelloWebViewTests" */;
			buildPhases = (
				AA31DFFC1B833C3300D9D062 /* Sources */,
				AA31DFFD1B833C3300D9D062 /* Frameworks */,
				AA31DFFE1B833C3300D9D062 /* Resources */,
			);
			buildRules = (
			);
			dependencies = (
				AA31E0021B833C3300D9D062 /* PBXTargetDependency */,
			);
			name = HelloWebViewTests;
			productName = HelloWebViewTests;
			productReference = AA31E0001B833C3300D9D062 /* HelloWebViewTests.xctest */;
			productType = "com.apple.product-type.bundle.unit-test";
		};
/* End PBXNativeTarget section */

/* Begin PBXProject section */
		AA31DFDF1B833C3300D9D062 /* Project object */ = {
			isa = PBXProject;
			attributes = {
				LastUpgradeCheck = 0640;
				ORGANIZATIONNAME = mcxiaoke;
				TargetAttributes = {
					AA31DFE61B833C3300D9D062 = {
						CreatedOnToolsVersion = 6.4;
					};
					AA31DFFF1B833C3300D9D062 = {
						CreatedOnToolsVersion = 6.4;
						TestTargetID = AA31DFE61B833C3300D9D062;
					};
				};
			};
			buildConfigurationList = AA31DFE21B833C3300D9D062 /* Build configuration list for PBXProject "HelloWebView" */;
			compatibilityVersion = "Xcode 3.2";
			developmentRegion = English;
			hasScannedForEncodings = 0;
			knownRegions = (
				en,
				Base,
			);
			mainGroup = AA31DFDE1B833C3300D9D062;
			productRefGroup = AA31DFE81B833C3300D9D062 /* Products */;
			projectDirPath = "";
			projectRoot = "";
			targets = (
				AA31DFE61B833C3300D9D062 /* HelloWebView */,
				AA31DFFF1B833C3300D9D062 /* HelloWebViewTests */,
			);
		};
/* End PBXProject section */

/* Begin PBXResourcesBuildPhase section */
		AA31DFE51B833C3300D9D062 /* Resources */ = {
			isa = PBXResourcesBuildPhase;
			buildActionMask = 2147483647;
			files = (
				AA31DFF61B833C3300D9D062 /* Main.storyboard in Resources */,
				AA31DFFB1B833C3300D9D062 /* LaunchScreen.xib in Resources */,
				AA31DFF81B833C3300D9D062 /* Images.xcassets in Resources */,
			);
			runOnlyForDeploymentPostprocessing = 0;
		};
		AA31DFFE1B833C3300D9D062 /* Resources */ = {
			isa = PBXResourcesBuildPhase;
			buildActionMask = 2147483647;
			files = (
			);
			runOnlyForDeploymentPostprocessing = 0;
		};
/* End PBXResourcesBuildPhase section */

/* Begin PBXSourcesBuildPhase section */
		AA31DFE31B833C3300D9D062 /* Sources */ = {
			isa = PBXSourcesBuildPhase;
			buildActionMask = 2147483647;
			files = (
				AA31DFF31B833C3300D9D062 /* ViewController.m in Sources */,
				AA31DFF01B833C3300D9D062 /* AppDelegate.m in Sources */,
				AA31DFED1B833C3300D9D062 /* main.m in Sources */,
			);
			runOnlyForDeploymentPostprocessing = 0;
		};
		AA31DFFC1B833C3300D9D062 /* Sources */ = {
			isa = PBXSourcesBuildPhase;
			buildActionMask = 2147483647;
			files = (
				AA31E0071B833C3300D9D062 /* HelloWebViewTests.m in Sources */,
			);
			runOnlyForDeploymentPostprocessing = 0;
		};
/* End PBXSourcesBuildPhase section */

/* Begin PBXTargetDependency section */
		AA31E0021B833C3300D9D062 /* PBXTargetDependency */ = {
			isa = PBXTargetDependency;
			target = AA31DFE61B833C3300D9D062 /* HelloWebView */;
			targetProxy = AA31E0011B833C3300D9D062 /* PBXContainerItemProxy */;
		};
/* End PBXTargetDependency section */

/* Begin PBXVariantGroup section */
		AA31DFF41B833C3300D9D062 /* Main.storyboard */ = {
			isa = PBXVariantGroup;
			children = (
				AA31DFF51B833C3300D9D062 /* Base */,
			);
			name = Main.storyboard;
			sourceTree = "<group>";
		};
		AA31DFF91B833C3300D9D062 /* LaunchScreen.xib */ = {
			isa = PBXVariantGroup;
			children = (
				AA31DFFA1B833C3300D9D062 /* Base */,
			);
			name = LaunchScreen.xib;
			sourceTree = "<group>";
		};
/* End PBXVariantGroup section */

/* Begin XCBuildConfiguration section */
		AA31E0081B833C3300D9D062 /* Debug */ = {
			isa = XCBuildConfiguration;
			buildSettings = {
				ALWAYS_SEARCH_USER_PATHS = NO;
				CLANG_CXX_LANGUAGE_STANDARD = "gnu++0x";
				CLANG_CXX_LIBRARY = "libc++";
				CLANG_ENABLE_MODULES = YES;
				CLANG_ENABLE_OBJC_ARC = YES;
				CLANG_WARN_BOOL_CONVERSION = YES;
				CLANG_WARN_CONSTANT_CONVERSION = YES;
				CLANG_WARN_DIRECT_OBJC_ISA_USAGE = YES_ERROR;
				CLANG_WARN_EMPTY_BODY = YES;
				CLANG_WARN_ENUM_CONVERSION = YES;
				CLANG_WARN_INT_CONVERSION = YES;
				CLANG_WARN_OBJC_ROOT_CLASS = YES_ERROR;
				CLANG_WARN_UNREACHABLE_CODE = YES;
				CLANG_WARN__DUPLICATE_METHOD_MATCH = YES;
				"CODE_SIGN_IDENTITY[sdk=iphoneos*]" = "iPhone Developer";
				COPY_PHASE_STRIP = NO;
				DEBUG_INFORMATION_FORMAT = "dwarf-with-dsym";
				ENABLE_STRICT_OBJC_MSGSEND = YES;
				GCC_C_LANGUAGE_STANDARD = gnu99;
				GCC_DYNAMIC_NO_PIC = NO;
				GCC_NO_COMMON_BLOCKS = YES;
				GCC_OPTIMIZATION_LEVEL = 0;
				GCC_PREPROCESSOR_DEFINITIONS = (
					"DEBUG=1",
					"$(inherited)",
				);
				GCC_SYMBOLS_PRIVATE_EXTERN = NO;
				GCC_WARN_64_TO_32_BIT_CONVERSION = YES;
				GCC_WARN_ABOUT_RETURN_TYPE = YES_ERROR;
				GCC_WARN_UNDECLARED_SELECTOR = YES;
				GCC_WARN_UNINITIALIZED_AUTOS = YES_AGGRESSIVE;
				GCC_WARN_UNUSED_FUNCTION = YES;
				GCC_WARN_UNUSED_VARIABLE = YES;
				IPHONEOS_DEPLOYMENT_TARGET = 8.4;
				MTL_ENABLE_DEBUG_INFO = YES;
				ONLY_ACTIVE_ARCH = YES;
				SDKROOT = iphoneos;
			};
			name = Debug;
		};
		AA31E0091B833C3300D9D062 /* Release */ = {
			isa = XCBuildConfiguration;
			buildSettings = {
				ALWAYS_SEARCH_USER_PATHS = NO;
				CLANG_CXX_LANGUAGE_STANDARD = "gnu++0x";
				CLANG_CXX_LIBRARY = "libc++";
				CLANG_ENABLE_MODULES = YES;
				CLANG_ENABLE_OBJC_ARC = YES;
				CLANG_WARN_BOOL_CONVERSION = YES;
				CLANG_WARN_CONSTANT_CONVERSION = YES;
				CLANG_WARN_DIRECT_OBJC_ISA_USAGE = YES_ERROR;
				CLANG_WARN_EMPTY_BODY = YES;
				CLANG_WARN_ENUM_CONVERSION = YES;
				CLANG_WARN_INT_CONVERSION = YES;
				CLANG_WARN_OBJC_ROOT_CLASS = YES_ERROR;
				CLANG_WARN_UNREACHABLE_CODE = YES;
				CLANG_WARN__DUPLICATE_METHOD_MATCH = YES;
				"CODE_SIGN_IDENTITY[sdk=iphoneos*]" = "iPhone Developer";
				COPY_PHASE_STRIP = NO;
				DEBUG_INFORMATION_FORMAT = "dwarf-with-dsym";
				ENABLE_NS_ASSERTIONS = NO;
				ENABLE_STRICT_OBJC_MSGSEND = YES;
				GCC_C_LANGUAGE_STANDARD = gnu99;
				GCC_NO_COMMON_BLOCKS = YES;
				GCC_WARN_64_TO_32_BIT_CONVERSION = YES;
				GCC_WARN_ABOUT_RETURN_TYPE = YES_ERROR;
				GCC_WARN_UNDECLARED_SELECTOR = YES;
				GCC_WARN_UNINITIALIZED_AUTOS = YES_AGGRESSIVE;
				GCC_WARN_UNUSED_FUNCTION = YES;
				GCC_WARN_UNUSED_VARIABLE = YES;
				IPHONEOS_DEPLOYMENT_TARGET = 8.4;
				MTL_ENABLE_DEBUG_INFO = NO;
				SDKROOT = iphoneos;
				VALIDATE_PRODUCT = YES;
			};
			name = Release;
		};
		AA31E00B1B833C3300D9D062 /* Debug */ = {
			isa = XCBuildConfiguration;
			buildSettings = {
				ASSETCATALOG_COMPILER_APPICON_NAME = AppIcon;
				INFOPLIST_FILE = HelloWebView/Info.plist;
				LD_RUNPATH_SEARCH_PATHS = "$(inherited) @executable_path/Frameworks";
				PRODUCT_NAME = "$(TARGET_NAME)";
			};
			name = Debug;
		};
		AA31E00C1B833C3300D9D062 /* Release */ = {
			isa = XCBuildConfiguration;
			buildSettings = {
				ASSETCATALOG_COMPILER_APPICON_NAME = AppIcon;
				INFOPLIST_FILE = HelloWebView/Info.plist;
				LD_RUNPATH_SEARCH_PATHS = "$(inherited) @executable_path/Frameworks";
				PRODUCT_NAME = "$(TARGET_NAME)";
			};
			name = Release;
		};
		AA31E00E1B833C3300D9D062 /* Debug */ = {
			isa = XCBuildConfiguration;
			buildSettings = {
				BUNDLE_LOADER = "$(TEST_HOST)";
				FRAMEWORK_SEARCH_PATHS = (
					"$(SDKROOT)/Developer/Library/Frameworks",
					"$(inherited)",
				);
				GCC_PREPROCESSOR_DEFINITIONS = (
					"DEBUG=1",
					"$(inherited)",
				);
				INFOPLIST_FILE = HelloWebViewTests/Info.plist;
				LD_RUNPATH_SEARCH_PATHS = "$(inherited) @executable_path/Frameworks @loader_path/Frameworks";
				PRODUCT_NAME = "$(TARGET_NAME)";
				TEST_HOST = "$(BUILT_PRODUCTS_DIR)/HelloWebView.app/HelloWebView";
			};
			name = Debug;
		};
		AA31E00F1B833C3300D9D062 /* Release */ = {
			isa = XCBuildConfiguration;
			buildSettings = {
				BUNDLE_LOADER = "$(TEST_HOST)";
				FRAMEWORK_SEARCH_PATHS = (
					"$(SDKROOT)/Developer/Library/Frameworks",
					"$(inherited)",
				);
				INFOPLIST_FILE = HelloWebViewTests/Info.plist;
				LD_RUNPATH_SEARCH_PATHS = "$(inherited) @executable_path/Frameworks @loader_path/Frameworks";
				PRODUCT_NAME = "$(TARGET_NAME)";
				TEST_HOST = "$(BUILT_PRODUCTS_DIR)/HelloWebView.app/HelloWebView";
			};
			name = Release;
		};
/* End XCBuildConfiguration section */

/* Begin XCConfigurationList section */
		AA31DFE21B833C3300D9D062 /* Build configuration list for PBXProject "HelloWebView" */ = {
			isa = XCConfigurationList;
			buildConfigurations = (
				AA31E0081B833C3300D9D062 /* Debug */,
				AA31E0091B833C3300D9D062 /* Release */,
			);
			defaultConfigurationIsVisible = 0;
			defaultConfigurationName = Release;
		};
		AA31E00A1B833C3300D9D062 /* Build configuration list for PBXNativeTarget "HelloWebView" */ = {
			isa = XCConfigurationList;
			buildConfigurations = (
				AA31E00B1B833C3300D9D062 /* Debug */,
				AA31E00C1B833C3300D9D062 /* Release */,
			);
			defaultConfigurationIsVisible = 0;
		};
		AA31E00D1B833C3300D9D062 /* Build configuration list for PBXNativeTarget "HelloWebViewTests" */ = {
			isa = XCConfigurationList;
			buildConfigurations = (
				AA31E00E1B833C3300D9D062 /* Debug */,
				AA31E00F1B833C3300D9D062 /* Release */,
			);
			defaultConfigurationIsVisible = 0;
		};
/* End XCConfigurationList section */
	};
	rootObject = AA31DFDF1B833C3300D9D062 /* Project object */;
}
