// !$*UTF8*$!
{
	archiveVersion = 1;
	classes = {
	};
	objectVersion = 46;
	objects = {

/* Begin PBXBuildFile section */
		AAE475661B889E9E00DED003 /* main.m in Sources */ = {isa = PBXBuildFile; fileRef = AAE475651B889E9E00DED003 /* main.m */; };
		AAE475691B889E9E00DED003 /* AppDelegate.m in Sources */ = {isa = PBXBuildFile; fileRef = AAE475681B889E9E00DED003 /* AppDelegate.m */; };
		AAE4756C1B889E9E00DED003 /* ViewController.m in Sources */ = {isa = PBXBuildFile; fileRef = AAE4756B1B889E9E00DED003 /* ViewController.m */; };
		AAE4756F1B889E9E00DED003 /* Main.storyboard in Resources */ = {isa = PBXBuildFile; fileRef = AAE4756D1B889E9E00DED003 /* Main.storyboard */; };
		AAE475711B889E9E00DED003 /* Images.xcassets in Resources */ = {isa = PBXBuildFile; fileRef = AAE475701B889E9E00DED003 /* Images.xcassets */; };
		AAE475741B889E9E00DED003 /* LaunchScreen.xib in Resources */ = {isa = PBXBuildFile; fileRef = AAE475721B889E9E00DED003 /* LaunchScreen.xib */; };
		AAE475801B889E9E00DED003 /* HelloAutoLayoutTests.m in Sources */ = {isa = PBXBuildFile; fileRef = AAE4757F1B889E9E00DED003 /* HelloAutoLayoutTests.m */; };
/* End PBXBuildFile section */

/* Begin PBXContainerItemProxy section */
		AAE4757A1B889E9E00DED003 /* PBXContainerItemProxy */ = {
			isa = PBXContainerItemProxy;
			containerPortal = AAE475581B889E9E00DED003 /* Project object */;
			proxyType = 1;
			remoteGlobalIDString = AAE4755F1B889E9E00DED003;
			remoteInfo = HelloAutoLayout;
		};
/* End PBXContainerItemProxy section */

/* Begin PBXFileReference section */
		AAE475601B889E9E00DED003 /* HelloAutoLayout.app */ = {isa = PBXFileReference; explicitFileType = wrapper.application; includeInIndex = 0; path = HelloAutoLayout.app; sourceTree = BUILT_PRODUCTS_DIR; };
		AAE475641B889E9E00DED003 /* Info.plist */ = {isa = PBXFileReference; lastKnownFileType = text.plist.xml; path = Info.plist; sourceTree = "<group>"; };
		AAE475651B889E9E00DED003 /* main.m */ = {isa = PBXFileReference; lastKnownFileType = sourcecode.c.objc; path = main.m; sourceTree = "<group>"; };
		AAE475671B889E9E00DED003 /* AppDelegate.h */ = {isa = PBXFileReference; lastKnownFileType = sourcecode.c.h; path = AppDelegate.h; sourceTree = "<group>"; };
		AAE475681B889E9E00DED003 /* AppDelegate.m */ = {isa = PBXFileReference; lastKnownFileType = sourcecode.c.objc; path = AppDelegate.m; sourceTree = "<group>"; };
		AAE4756A1B889E9E00DED003 /* ViewController.h */ = {isa = PBXFileReference; lastKnownFileType = sourcecode.c.h; path = ViewController.h; sourceTree = "<group>"; };
		AAE4756B1B889E9E00DED003 /* ViewController.m */ = {isa = PBXFileReference; lastKnownFileType = sourcecode.c.objc; path = ViewController.m; sourceTree = "<group>"; };
		AAE4756E1B889E9E00DED003 /* Base */ = {isa = PBXFileReference; lastKnownFileType = file.storyboard; name = Base; path = Base.lproj/Main.storyboard; sourceTree = "<group>"; };
		AAE475701B889E9E00DED003 /* Images.xcassets */ = {isa = PBXFileReference; lastKnownFileType = folder.assetcatalog; path = Images.xcassets; sourceTree = "<group>"; };
		AAE475731B889E9E00DED003 /* Base */ = {isa = PBXFileReference; lastKnownFileType = file.xib; name = Base; path = Base.lproj/LaunchScreen.xib; sourceTree = "<group>"; };
		AAE475791B889E9E00DED003 /* HelloAutoLayoutTests.xctest */ = {isa = PBXFileReference; explicitFileType = wrapper.cfbundle; includeInIndex = 0; path = HelloAutoLayoutTests.xctest; sourceTree = BUILT_PRODUCTS_DIR; };
		AAE4757E1B889E9E00DED003 /* Info.plist */ = {isa = PBXFileReference; lastKnownFileType = text.plist.xml; path = Info.plist; sourceTree = "<group>"; };
		AAE4757F1B889E9E00DED003 /* HelloAutoLayoutTests.m */ = {isa = PBXFileReference; lastKnownFileType = sourcecode.c.objc; path = HelloAutoLayoutTests.m; sourceTree = "<group>"; };
/* End PBXFileReference section */

/* Begin PBXFrameworksBuildPhase section */
		AAE4755D1B889E9E00DED003 /* Frameworks */ = {
			isa = PBXFrameworksBuildPhase;
			buildActionMask = 2147483647;
			files = (
			);
			runOnlyForDeploymentPostprocessing = 0;
		};
		AAE475761B889E9E00DED003 /* Frameworks */ = {
			isa = PBXFrameworksBuildPhase;
			buildActionMask = 2147483647;
			files = (
			);
			runOnlyForDeploymentPostprocessing = 0;
		};
/* End PBXFrameworksBuildPhase section */

/* Begin PBXGroup section */
		AAE475571B889E9E00DED003 = {
			isa = PBXGroup;
			children = (
				AAE475621B889E9E00DED003 /* HelloAutoLayout */,
				AAE4757C1B889E9E00DED003 /* HelloAutoLayoutTests */,
				AAE475611B889E9E00DED003 /* Products */,
			);
			sourceTree = "<group>";
		};
		AAE475611B889E9E00DED003 /* Products */ = {
			isa = PBXGroup;
			children = (
				AAE475601B889E9E00DED003 /* HelloAutoLayout.app */,
				AAE475791B889E9E00DED003 /* HelloAutoLayoutTests.xctest */,
			);
			name = Products;
			sourceTree = "<group>";
		};
		AAE475621B889E9E00DED003 /* HelloAutoLayout */ = {
			isa = PBXGroup;
			children = (
				AAE475671B889E9E00DED003 /* AppDelegate.h */,
				AAE475681B889E9E00DED003 /* AppDelegate.m */,
				AAE4756A1B889E9E00DED003 /* ViewController.h */,
				AAE4756B1B889E9E00DED003 /* ViewController.m */,
				AAE4756D1B889E9E00DED003 /* Main.storyboard */,
				AAE475701B889E9E00DED003 /* Images.xcassets */,
				AAE475721B889E9E00DED003 /* LaunchScreen.xib */,
				AAE475631B889E9E00DED003 /* Supporting Files */,
			);
			path = HelloAutoLayout;
			sourceTree = "<group>";
		};
		AAE475631B889E9E00DED003 /* Supporting Files */ = {
			isa = PBXGroup;
			children = (
				AAE475641B889E9E00DED003 /* Info.plist */,
				AAE475651B889E9E00DED003 /* main.m */,
			);
			name = "Supporting Files";
			sourceTree = "<group>";
		};
		AAE4757C1B889E9E00DED003 /* HelloAutoLayoutTests */ = {
			isa = PBXGroup;
			children = (
				AAE4757F1B889E9E00DED003 /* HelloAutoLayoutTests.m */,
				AAE4757D1B889E9E00DED003 /* Supporting Files */,
			);
			path = HelloAutoLayoutTests;
			sourceTree = "<group>";
		};
		AAE4757D1B889E9E00DED003 /* Supporting Files */ = {
			isa = PBXGroup;
			children = (
				AAE4757E1B889E9E00DED003 /* Info.plist */,
			);
			name = "Supporting Files";
			sourceTree = "<group>";
		};
/* End PBXGroup section */

/* Begin PBXNativeTarget section */
		AAE4755F1B889E9E00DED003 /* HelloAutoLayout */ = {
			isa = PBXNativeTarget;
			buildConfigurationList = AAE475831B889E9E00DED003 /* Build configuration list for PBXNativeTarget "HelloAutoLayout" */;
			buildPhases = (
				AAE4755C1B889E9E00DED003 /* Sources */,
				AAE4755D1B889E9E00DED003 /* Frameworks */,
				AAE4755E1B889E9E00DED003 /* Resources */,
			);
			buildRules = (
			);
			dependencies = (
			);
			name = HelloAutoLayout;
			productName = HelloAutoLayout;
			productReference = AAE475601B889E9E00DED003 /* HelloAutoLayout.app */;
			productType = "com.apple.product-type.application";
		};
		AAE475781B889E9E00DED003 /* HelloAutoLayoutTests */ = {
			isa = PBXNativeTarget;
			buildConfigurationList = AAE475861B889E9E00DED003 /* Build configuration list for PBXNativeTarget "HelloAutoLayoutTests" */;
			buildPhases = (
				AAE475751B889E9E00DED003 /* Sources */,
				AAE475761B889E9E00DED003 /* Frameworks */,
				AAE475771B889E9E00DED003 /* Resources */,
			);
			buildRules = (
			);
			dependencies = (
				AAE4757B1B889E9E00DED003 /* PBXTargetDependency */,
			);
			name = HelloAutoLayoutTests;
			productName = HelloAutoLayoutTests;
			productReference = AAE475791B889E9E00DED003 /* HelloAutoLayoutTests.xctest */;
			productType = "com.apple.product-type.bundle.unit-test";
		};
/* End PBXNativeTarget section */

/* Begin PBXProject section */
		AAE475581B889E9E00DED003 /* Project object */ = {
			isa = PBXProject;
			attributes = {
				LastUpgradeCheck = 0640;
				ORGANIZATIONNAME = mcxiaoke;
				TargetAttributes = {
					AAE4755F1B889E9E00DED003 = {
						CreatedOnToolsVersion = 6.4;
					};
					AAE475781B889E9E00DED003 = {
						CreatedOnToolsVersion = 6.4;
						TestTargetID = AAE4755F1B889E9E00DED003;
					};
				};
			};
			buildConfigurationList = AAE4755B1B889E9E00DED003 /* Build configuration list for PBXProject "HelloAutoLayout" */;
			compatibilityVersion = "Xcode 3.2";
			developmentRegion = English;
			hasScannedForEncodings = 0;
			knownRegions = (
				en,
				Base,
			);
			mainGroup = AAE475571B889E9E00DED003;
			productRefGroup = AAE475611B889E9E00DED003 /* Products */;
			projectDirPath = "";
			projectRoot = "";
			targets = (
				AAE4755F1B889E9E00DED003 /* HelloAutoLayout */,
				AAE475781B889E9E00DED003 /* HelloAutoLayoutTests */,
			);
		};
/* End PBXProject section */

/* Begin PBXResourcesBuildPhase section */
		AAE4755E1B889E9E00DED003 /* Resources */ = {
			isa = PBXResourcesBuildPhase;
			buildActionMask = 2147483647;
			files = (
				AAE4756F1B889E9E00DED003 /* Main.storyboard in Resources */,
				AAE475741B889E9E00DED003 /* LaunchScreen.xib in Resources */,
				AAE475711B889E9E00DED003 /* Images.xcassets in Resources */,
			);
			runOnlyForDeploymentPostprocessing = 0;
		};
		AAE475771B889E9E00DED003 /* Resources */ = {
			isa = PBXResourcesBuildPhase;
			buildActionMask = 2147483647;
			files = (
			);
			runOnlyForDeploymentPostprocessing = 0;
		};
/* End PBXResourcesBuildPhase section */

/* Begin PBXSourcesBuildPhase section */
		AAE4755C1B889E9E00DED003 /* Sources */ = {
			isa = PBXSourcesBuildPhase;
			buildActionMask = 2147483647;
			files = (
				AAE4756C1B889E9E00DED003 /* ViewController.m in Sources */,
				AAE475691B889E9E00DED003 /* AppDelegate.m in Sources */,
				AAE475661B889E9E00DED003 /* main.m in Sources */,
			);
			runOnlyForDeploymentPostprocessing = 0;
		};
		AAE475751B889E9E00DED003 /* Sources */ = {
			isa = PBXSourcesBuildPhase;
			buildActionMask = 2147483647;
			files = (
				AAE475801B889E9E00DED003 /* HelloAutoLayoutTests.m in Sources */,
			);
			runOnlyForDeploymentPostprocessing = 0;
		};
/* End PBXSourcesBuildPhase section */

/* Begin PBXTargetDependency section */
		AAE4757B1B889E9E00DED003 /* PBXTargetDependency */ = {
			isa = PBXTargetDependency;
			target = AAE4755F1B889E9E00DED003 /* HelloAutoLayout */;
			targetProxy = AAE4757A1B889E9E00DED003 /* PBXContainerItemProxy */;
		};
/* End PBXTargetDependency section */

/* Begin PBXVariantGroup section */
		AAE4756D1B889E9E00DED003 /* Main.storyboard */ = {
			isa = PBXVariantGroup;
			children = (
				AAE4756E1B889E9E00DED003 /* Base */,
			);
			name = Main.storyboard;
			sourceTree = "<group>";
		};
		AAE475721B889E9E00DED003 /* LaunchScreen.xib */ = {
			isa = PBXVariantGroup;
			children = (
				AAE475731B889E9E00DED003 /* Base */,
			);
			name = LaunchScreen.xib;
			sourceTree = "<group>";
		};
/* End PBXVariantGroup section */

/* Begin XCBuildConfiguration section */
		AAE475811B889E9E00DED003 /* Debug */ = {
			isa = XCBuildConfiguration;
			buildSettings = {
				ALWAYS_SEARCH_USER_PATHS = NO;
				CLANG_CXX_LANGUAGE_STANDARD = "gnu++0x";
				CLANG_CXX_LIBRARY = "libc++";
				CLANG_ENABLE_MODULES = YES;
				CLANG_ENABLE_OBJC_ARC = YES;
				CLANG_WARN_BOOL_CONVERSION = YES;
				CLANG_WARN_CONSTANT_CONVERSION = YES;
				CLANG_WARN_DIRECT_OBJC_ISA_USAGE = YES_ERROR;
				CLANG_WARN_EMPTY_BODY = YES;
				CLANG_WARN_ENUM_CONVERSION = YES;
				CLANG_WARN_INT_CONVERSION = YES;
				CLANG_WARN_OBJC_ROOT_CLASS = YES_ERROR;
				CLANG_WARN_UNREACHABLE_CODE = YES;
				CLANG_WARN__DUPLICATE_METHOD_MATCH = YES;
				"CODE_SIGN_IDENTITY[sdk=iphoneos*]" = "iPhone Developer";
				COPY_PHASE_STRIP = NO;
				DEBUG_INFORMATION_FORMAT = "dwarf-with-dsym";
				ENABLE_STRICT_OBJC_MSGSEND = YES;
				GCC_C_LANGUAGE_STANDARD = gnu99;
				GCC_DYNAMIC_NO_PIC = NO;
				GCC_NO_COMMON_BLOCKS = YES;
				GCC_OPTIMIZATION_LEVEL = 0;
				GCC_PREPROCESSOR_DEFINITIONS = (
					"DEBUG=1",
					"$(inherited)",
				);
				GCC_SYMBOLS_PRIVATE_EXTERN = NO;
				GCC_WARN_64_TO_32_BIT_CONVERSION = YES;
				GCC_WARN_ABOUT_RETURN_TYPE = YES_ERROR;
				GCC_WARN_UNDECLARED_SELECTOR = YES;
				GCC_WARN_UNINITIALIZED_AUTOS = YES_AGGRESSIVE;
				GCC_WARN_UNUSED_FUNCTION = YES;
				GCC_WARN_UNUSED_VARIABLE = YES;
				IPHONEOS_DEPLOYMENT_TARGET = 8.4;
				MTL_ENABLE_DEBUG_INFO = YES;
				ONLY_ACTIVE_ARCH = YES;
				SDKROOT = iphoneos;
				TARGETED_DEVICE_FAMILY = "1,2";
			};
			name = Debug;
		};
		AAE475821B889E9E00DED003 /* Release */ = {
			isa = XCBuildConfiguration;
			buildSettings = {
				ALWAYS_SEARCH_USER_PATHS = NO;
				CLANG_CXX_LANGUAGE_STANDARD = "gnu++0x";
				CLANG_CXX_LIBRARY = "libc++";
				CLANG_ENABLE_MODULES = YES;
				CLANG_ENABLE_OBJC_ARC = YES;
				CLANG_WARN_BOOL_CONVERSION = YES;
				CLANG_WARN_CONSTANT_CONVERSION = YES;
				CLANG_WARN_DIRECT_OBJC_ISA_USAGE = YES_ERROR;
				CLANG_WARN_EMPTY_BODY = YES;
				CLANG_WARN_ENUM_CONVERSION = YES;
				CLANG_WARN_INT_CONVERSION = YES;
				CLANG_WARN_OBJC_ROOT_CLASS = YES_ERROR;
				CLANG_WARN_UNREACHABLE_CODE = YES;
				CLANG_WARN__DUPLICATE_METHOD_MATCH = YES;
				"CODE_SIGN_IDENTITY[sdk=iphoneos*]" = "iPhone Developer";
				COPY_PHASE_STRIP = NO;
				DEBUG_INFORMATION_FORMAT = "dwarf-with-dsym";
				ENABLE_NS_ASSERTIONS = NO;
				ENABLE_STRICT_OBJC_MSGSEND = YES;
				GCC_C_LANGUAGE_STANDARD = gnu99;
				GCC_NO_COMMON_BLOCKS = YES;
				GCC_WARN_64_TO_32_BIT_CONVERSION = YES;
				GCC_WARN_ABOUT_RETURN_TYPE = YES_ERROR;
				GCC_WARN_UNDECLARED_SELECTOR = YES;
				GCC_WARN_UNINITIALIZED_AUTOS = YES_AGGRESSIVE;
				GCC_WARN_UNUSED_FUNCTION = YES;
				GCC_WARN_UNUSED_VARIABLE = YES;
				IPHONEOS_DEPLOYMENT_TARGET = 8.4;
				MTL_ENABLE_DEBUG_INFO = NO;
				SDKROOT = iphoneos;
				TARGETED_DEVICE_FAMILY = "1,2";
				VALIDATE_PRODUCT = YES;
			};
			name = Release;
		};
		AAE475841B889E9E00DED003 /* Debug */ = {
			isa = XCBuildConfiguration;
			buildSettings = {
				ASSETCATALOG_COMPILER_APPICON_NAME = AppIcon;
				INFOPLIST_FILE = HelloAutoLayout/Info.plist;
				LD_RUNPATH_SEARCH_PATHS = "$(inherited) @executable_path/Frameworks";
				PRODUCT_NAME = "$(TARGET_NAME)";
			};
			name = Debug;
		};
		AAE475851B889E9E00DED003 /* Release */ = {
			isa = XCBuildConfiguration;
			buildSettings = {
				ASSETCATALOG_COMPILER_APPICON_NAME = AppIcon;
				INFOPLIST_FILE = HelloAutoLayout/Info.plist;
				LD_RUNPATH_SEARCH_PATHS = "$(inherited) @executable_path/Frameworks";
				PRODUCT_NAME = "$(TARGET_NAME)";
			};
			name = Release;
		};
		AAE475871B889E9E00DED003 /* Debug */ = {
			isa = XCBuildConfiguration;
			buildSettings = {
				BUNDLE_LOADER = "$(TEST_HOST)";
				FRAMEWORK_SEARCH_PATHS = (
					"$(SDKROOT)/Developer/Library/Frameworks",
					"$(inherited)",
				);
				GCC_PREPROCESSOR_DEFINITIONS = (
					"DEBUG=1",
					"$(inherited)",
				);
				INFOPLIST_FILE = HelloAutoLayoutTests/Info.plist;
				LD_RUNPATH_SEARCH_PATHS = "$(inherited) @executable_path/Frameworks @loader_path/Frameworks";
				PRODUCT_NAME = "$(TARGET_NAME)";
				TEST_HOST = "$(BUILT_PRODUCTS_DIR)/HelloAutoLayout.app/HelloAutoLayout";
			};
			name = Debug;
		};
		AAE475881B889E9E00DED003 /* Release */ = {
			isa = XCBuildConfiguration;
			buildSettings = {
				BUNDLE_LOADER = "$(TEST_HOST)";
				FRAMEWORK_SEARCH_PATHS = (
					"$(SDKROOT)/Developer/Library/Frameworks",
					"$(inherited)",
				);
				INFOPLIST_FILE = HelloAutoLayoutTests/Info.plist;
				LD_RUNPATH_SEARCH_PATHS = "$(inherited) @executable_path/Frameworks @loader_path/Frameworks";
				PRODUCT_NAME = "$(TARGET_NAME)";
				TEST_HOST = "$(BUILT_PRODUCTS_DIR)/HelloAutoLayout.app/HelloAutoLayout";
			};
			name = Release;
		};
/* End XCBuildConfiguration section */

/* Begin XCConfigurationList section */
		AAE4755B1B889E9E00DED003 /* Build configuration list for PBXProject "HelloAutoLayout" */ = {
			isa = XCConfigurationList;
			buildConfigurations = (
				AAE475811B889E9E00DED003 /* Debug */,
				AAE475821B889E9E00DED003 /* Release */,
			);
			defaultConfigurationIsVisible = 0;
			defaultConfigurationName = Release;
		};
		AAE475831B889E9E00DED003 /* Build configuration list for PBXNativeTarget "HelloAutoLayout" */ = {
			isa = XCConfigurationList;
			buildConfigurations = (
				AAE475841B889E9E00DED003 /* Debug */,
				AAE475851B889E9E00DED003 /* Release */,
			);
			defaultConfigurationIsVisible = 0;
		};
		AAE475861B889E9E00DED003 /* Build configuration list for PBXNativeTarget "HelloAutoLayoutTests" */ = {
			isa = XCConfigurationList;
			buildConfigurations = (
				AAE475871B889E9E00DED003 /* Debug */,
				AAE475881B889E9E00DED003 /* Release */,
			);
			defaultConfigurationIsVisible = 0;
		};
/* End XCConfigurationList section */
	};
	rootObject = AAE475581B889E9E00DED003 /* Project object */;
}
