// !$*UTF8*$!
{
	archiveVersion = 1;
	classes = {
	};
	objectVersion = 46;
	objects = {

/* Begin PBXBuildFile section */
		AAE474641B88196700DED003 /* main.m in Sources */ = {isa = PBXBuildFile; fileRef = AAE474631B88196700DED003 /* main.m */; };
		AAE474671B88196700DED003 /* AppDelegate.m in Sources */ = {isa = PBXBuildFile; fileRef = AAE474661B88196700DED003 /* AppDelegate.m */; };
		AAE4746A1B88196700DED003 /* ViewController.m in Sources */ = {isa = PBXBuildFile; fileRef = AAE474691B88196700DED003 /* ViewController.m */; };
		AAE4746D1B88196700DED003 /* Main.storyboard in Resources */ = {isa = PBXBuildFile; fileRef = AAE4746B1B88196700DED003 /* Main.storyboard */; };
		AAE4746F1B88196700DED003 /* Images.xcassets in Resources */ = {isa = PBXBuildFile; fileRef = AAE4746E1B88196700DED003 /* Images.xcassets */; };
		AAE474721B88196700DED003 /* LaunchScreen.xib in Resources */ = {isa = PBXBuildFile; fileRef = AAE474701B88196700DED003 /* LaunchScreen.xib */; };
		AAE4747E1B88196700DED003 /* HelloTableViewTests.m in Sources */ = {isa = PBXBuildFile; fileRef = AAE4747D1B88196700DED003 /* HelloTableViewTests.m */; };
/* End PBXBuildFile section */

/* Begin PBXContainerItemProxy section */
		AAE474781B88196700DED003 /* PBXContainerItemProxy */ = {
			isa = PBXContainerItemProxy;
			containerPortal = AAE474561B88196700DED003 /* Project object */;
			proxyType = 1;
			remoteGlobalIDString = AAE4745D1B88196700DED003;
			remoteInfo = HelloTableView;
		};
/* End PBXContainerItemProxy section */

/* Begin PBXFileReference section */
		AAE4745E1B88196700DED003 /* HelloTableView.app */ = {isa = PBXFileReference; explicitFileType = wrapper.application; includeInIndex = 0; path = HelloTableView.app; sourceTree = BUILT_PRODUCTS_DIR; };
		AAE474621B88196700DED003 /* Info.plist */ = {isa = PBXFileReference; lastKnownFileType = text.plist.xml; path = Info.plist; sourceTree = "<group>"; };
		AAE474631B88196700DED003 /* main.m */ = {isa = PBXFileReference; lastKnownFileType = sourcecode.c.objc; path = main.m; sourceTree = "<group>"; };
		AAE474651B88196700DED003 /* AppDelegate.h */ = {isa = PBXFileReference; lastKnownFileType = sourcecode.c.h; path = AppDelegate.h; sourceTree = "<group>"; };
		AAE474661B88196700DED003 /* AppDelegate.m */ = {isa = PBXFileReference; lastKnownFileType = sourcecode.c.objc; path = AppDelegate.m; sourceTree = "<group>"; };
		AAE474681B88196700DED003 /* ViewController.h */ = {isa = PBXFileReference; lastKnownFileType = sourcecode.c.h; path = ViewController.h; sourceTree = "<group>"; };
		AAE474691B88196700DED003 /* ViewController.m */ = {isa = PBXFileReference; lastKnownFileType = sourcecode.c.objc; path = ViewController.m; sourceTree = "<group>"; };
		AAE4746C1B88196700DED003 /* Base */ = {isa = PBXFileReference; lastKnownFileType = file.storyboard; name = Base; path = Base.lproj/Main.storyboard; sourceTree = "<group>"; };
		AAE4746E1B88196700DED003 /* Images.xcassets */ = {isa = PBXFileReference; lastKnownFileType = folder.assetcatalog; path = Images.xcassets; sourceTree = "<group>"; };
		AAE474711B88196700DED003 /* Base */ = {isa = PBXFileReference; lastKnownFileType = file.xib; name = Base; path = Base.lproj/LaunchScreen.xib; sourceTree = "<group>"; };
		AAE474771B88196700DED003 /* HelloTableViewTests.xctest */ = {isa = PBXFileReference; explicitFileType = wrapper.cfbundle; includeInIndex = 0; path = HelloTableViewTests.xctest; sourceTree = BUILT_PRODUCTS_DIR; };
		AAE4747C1B88196700DED003 /* Info.plist */ = {isa = PBXFileReference; lastKnownFileType = text.plist.xml; path = Info.plist; sourceTree = "<group>"; };
		AAE4747D1B88196700DED003 /* HelloTableViewTests.m */ = {isa = PBXFileReference; lastKnownFileType = sourcecode.c.objc; path = HelloTableViewTests.m; sourceTree = "<group>"; };
/* End PBXFileReference section */

/* Begin PBXFrameworksBuildPhase section */
		AAE4745B1B88196700DED003 /* Frameworks */ = {
			isa = PBXFrameworksBuildPhase;
			buildActionMask = 2147483647;
			files = (
			);
			runOnlyForDeploymentPostprocessing = 0;
		};
		AAE474741B88196700DED003 /* Frameworks */ = {
			isa = PBXFrameworksBuildPhase;
			buildActionMask = 2147483647;
			files = (
			);
			runOnlyForDeploymentPostprocessing = 0;
		};
/* End PBXFrameworksBuildPhase section */

/* Begin PBXGroup section */
		AAE474551B88196700DED003 = {
			isa = PBXGroup;
			children = (
				AAE474601B88196700DED003 /* HelloTableView */,
				AAE4747A1B88196700DED003 /* HelloTableViewTests */,
				AAE4745F1B88196700DED003 /* Products */,
			);
			sourceTree = "<group>";
		};
		AAE4745F1B88196700DED003 /* Products */ = {
			isa = PBXGroup;
			children = (
				AAE4745E1B88196700DED003 /* HelloTableView.app */,
				AAE474771B88196700DED003 /* HelloTableViewTests.xctest */,
			);
			name = Products;
			sourceTree = "<group>";
		};
		AAE474601B88196700DED003 /* HelloTableView */ = {
			isa = PBXGroup;
			children = (
				AAE474651B88196700DED003 /* AppDelegate.h */,
				AAE474661B88196700DED003 /* AppDelegate.m */,
				AAE474681B88196700DED003 /* ViewController.h */,
				AAE474691B88196700DED003 /* ViewController.m */,
				AAE4746B1B88196700DED003 /* Main.storyboard */,
				AAE4746E1B88196700DED003 /* Images.xcassets */,
				AAE474701B88196700DED003 /* LaunchScreen.xib */,
				AAE474611B88196700DED003 /* Supporting Files */,
			);
			path = HelloTableView;
			sourceTree = "<group>";
		};
		AAE474611B88196700DED003 /* Supporting Files */ = {
			isa = PBXGroup;
			children = (
				AAE474621B88196700DED003 /* Info.plist */,
				AAE474631B88196700DED003 /* main.m */,
			);
			name = "Supporting Files";
			sourceTree = "<group>";
		};
		AAE4747A1B88196700DED003 /* HelloTableViewTests */ = {
			isa = PBXGroup;
			children = (
				AAE4747D1B88196700DED003 /* HelloTableViewTests.m */,
				AAE4747B1B88196700DED003 /* Supporting Files */,
			);
			path = HelloTableViewTests;
			sourceTree = "<group>";
		};
		AAE4747B1B88196700DED003 /* Supporting Files */ = {
			isa = PBXGroup;
			children = (
				AAE4747C1B88196700DED003 /* Info.plist */,
			);
			name = "Supporting Files";
			sourceTree = "<group>";
		};
/* End PBXGroup section */

/* Begin PBXNativeTarget section */
		AAE4745D1B88196700DED003 /* HelloTableView */ = {
			isa = PBXNativeTarget;
			buildConfigurationList = AAE474811B88196700DED003 /* Build configuration list for PBXNativeTarget "HelloTableView" */;
			buildPhases = (
				AAE4745A1B88196700DED003 /* Sources */,
				AAE4745B1B88196700DED003 /* Frameworks */,
				AAE4745C1B88196700DED003 /* Resources */,
			);
			buildRules = (
			);
			dependencies = (
			);
			name = HelloTableView;
			productName = HelloTableView;
			productReference = AAE4745E1B88196700DED003 /* HelloTableView.app */;
			productType = "com.apple.product-type.application";
		};
		AAE474761B88196700DED003 /* HelloTableViewTests */ = {
			isa = PBXNativeTarget;
			buildConfigurationList = AAE474841B88196700DED003 /* Build configuration list for PBXNativeTarget "HelloTableViewTests" */;
			buildPhases = (
				AAE474731B88196700DED003 /* Sources */,
				AAE474741B88196700DED003 /* Frameworks */,
				AAE474751B88196700DED003 /* Resources */,
			);
			buildRules = (
			);
			dependencies = (
				AAE474791B88196700DED003 /* PBXTargetDependency */,
			);
			name = HelloTableViewTests;
			productName = HelloTableViewTests;
			productReference = AAE474771B88196700DED003 /* HelloTableViewTests.xctest */;
			productType = "com.apple.product-type.bundle.unit-test";
		};
/* End PBXNativeTarget section */

/* Begin PBXProject section */
		AAE474561B88196700DED003 /* Project object */ = {
			isa = PBXProject;
			attributes = {
				LastUpgradeCheck = 0640;
				ORGANIZATIONNAME = mcxiaoke;
				TargetAttributes = {
					AAE4745D1B88196700DED003 = {
						CreatedOnToolsVersion = 6.4;
					};
					AAE474761B88196700DED003 = {
						CreatedOnToolsVersion = 6.4;
						TestTargetID = AAE4745D1B88196700DED003;
					};
				};
			};
			buildConfigurationList = AAE474591B88196700DED003 /* Build configuration list for PBXProject "HelloTableView" */;
			compatibilityVersion = "Xcode 3.2";
			developmentRegion = English;
			hasScannedForEncodings = 0;
			knownRegions = (
				en,
				Base,
			);
			mainGroup = AAE474551B88196700DED003;
			productRefGroup = AAE4745F1B88196700DED003 /* Products */;
			projectDirPath = "";
			projectRoot = "";
			targets = (
				AAE4745D1B88196700DED003 /* HelloTableView */,
				AAE474761B88196700DED003 /* HelloTableViewTests */,
			);
		};
/* End PBXProject section */

/* Begin PBXResourcesBuildPhase section */
		AAE4745C1B88196700DED003 /* Resources */ = {
			isa = PBXResourcesBuildPhase;
			buildActionMask = 2147483647;
			files = (
				AAE4746D1B88196700DED003 /* Main.storyboard in Resources */,
				AAE474721B88196700DED003 /* LaunchScreen.xib in Resources */,
				AAE4746F1B88196700DED003 /* Images.xcassets in Resources */,
			);
			runOnlyForDeploymentPostprocessing = 0;
		};
		AAE474751B88196700DED003 /* Resources */ = {
			isa = PBXResourcesBuildPhase;
			buildActionMask = 2147483647;
			files = (
			);
			runOnlyForDeploymentPostprocessing = 0;
		};
/* End PBXResourcesBuildPhase section */

/* Begin PBXSourcesBuildPhase section */
		AAE4745A1B88196700DED003 /* Sources */ = {
			isa = PBXSourcesBuildPhase;
			buildActionMask = 2147483647;
			files = (
				AAE4746A1B88196700DED003 /* ViewController.m in Sources */,
				AAE474671B88196700DED003 /* AppDelegate.m in Sources */,
				AAE474641B88196700DED003 /* main.m in Sources */,
			);
			runOnlyForDeploymentPostprocessing = 0;
		};
		AAE474731B88196700DED003 /* Sources */ = {
			isa = PBXSourcesBuildPhase;
			buildActionMask = 2147483647;
			files = (
				AAE4747E1B88196700DED003 /* HelloTableViewTests.m in Sources */,
			);
			runOnlyForDeploymentPostprocessing = 0;
		};
/* End PBXSourcesBuildPhase section */

/* Begin PBXTargetDependency section */
		AAE474791B88196700DED003 /* PBXTargetDependency */ = {
			isa = PBXTargetDependency;
			target = AAE4745D1B88196700DED003 /* HelloTableView */;
			targetProxy = AAE474781B88196700DED003 /* PBXContainerItemProxy */;
		};
/* End PBXTargetDependency section */

/* Begin PBXVariantGroup section */
		AAE4746B1B88196700DED003 /* Main.storyboard */ = {
			isa = PBXVariantGroup;
			children = (
				AAE4746C1B88196700DED003 /* Base */,
			);
			name = Main.storyboard;
			sourceTree = "<group>";
		};
		AAE474701B88196700DED003 /* LaunchScreen.xib */ = {
			isa = PBXVariantGroup;
			children = (
				AAE474711B88196700DED003 /* Base */,
			);
			name = LaunchScreen.xib;
			sourceTree = "<group>";
		};
/* End PBXVariantGroup section */

/* Begin XCBuildConfiguration section */
		AAE4747F1B88196700DED003 /* Debug */ = {
			isa = XCBuildConfiguration;
			buildSettings = {
				ALWAYS_SEARCH_USER_PATHS = NO;
				CLANG_CXX_LANGUAGE_STANDARD = "gnu++0x";
				CLANG_CXX_LIBRARY = "libc++";
				CLANG_ENABLE_MODULES = YES;
				CLANG_ENABLE_OBJC_ARC = YES;
				CLANG_WARN_BOOL_CONVERSION = YES;
				CLANG_WARN_CONSTANT_CONVERSION = YES;
				CLANG_WARN_DIRECT_OBJC_ISA_USAGE = YES_ERROR;
				CLANG_WARN_EMPTY_BODY = YES;
				CLANG_WARN_ENUM_CONVERSION = YES;
				CLANG_WARN_INT_CONVERSION = YES;
				CLANG_WARN_OBJC_ROOT_CLASS = YES_ERROR;
				CLANG_WARN_UNREACHABLE_CODE = YES;
				CLANG_WARN__DUPLICATE_METHOD_MATCH = YES;
				"CODE_SIGN_IDENTITY[sdk=iphoneos*]" = "iPhone Developer";
				COPY_PHASE_STRIP = NO;
				DEBUG_INFORMATION_FORMAT = "dwarf-with-dsym";
				ENABLE_STRICT_OBJC_MSGSEND = YES;
				GCC_C_LANGUAGE_STANDARD = gnu99;
				GCC_DYNAMIC_NO_PIC = NO;
				GCC_NO_COMMON_BLOCKS = YES;
				GCC_OPTIMIZATION_LEVEL = 0;
				GCC_PREPROCESSOR_DEFINITIONS = (
					"DEBUG=1",
					"$(inherited)",
				);
				GCC_SYMBOLS_PRIVATE_EXTERN = NO;
				GCC_WARN_64_TO_32_BIT_CONVERSION = YES;
				GCC_WARN_ABOUT_RETURN_TYPE = YES_ERROR;
				GCC_WARN_UNDECLARED_SELECTOR = YES;
				GCC_WARN_UNINITIALIZED_AUTOS = YES_AGGRESSIVE;
				GCC_WARN_UNUSED_FUNCTION = YES;
				GCC_WARN_UNUSED_VARIABLE = YES;
				IPHONEOS_DEPLOYMENT_TARGET = 8.4;
				MTL_ENABLE_DEBUG_INFO = YES;
				ONLY_ACTIVE_ARCH = YES;
				SDKROOT = iphoneos;
			};
			name = Debug;
		};
		AAE474801B88196700DED003 /* Release */ = {
			isa = XCBuildConfiguration;
			buildSettings = {
				ALWAYS_SEARCH_USER_PATHS = NO;
				CLANG_CXX_LANGUAGE_STANDARD = "gnu++0x";
				CLANG_CXX_LIBRARY = "libc++";
				CLANG_ENABLE_MODULES = YES;
				CLANG_ENABLE_OBJC_ARC = YES;
				CLANG_WARN_BOOL_CONVERSION = YES;
				CLANG_WARN_CONSTANT_CONVERSION = YES;
				CLANG_WARN_DIRECT_OBJC_ISA_USAGE = YES_ERROR;
				CLANG_WARN_EMPTY_BODY = YES;
				CLANG_WARN_ENUM_CONVERSION = YES;
				CLANG_WARN_INT_CONVERSION = YES;
				CLANG_WARN_OBJC_ROOT_CLASS = YES_ERROR;
				CLANG_WARN_UNREACHABLE_CODE = YES;
				CLANG_WARN__DUPLICATE_METHOD_MATCH = YES;
				"CODE_SIGN_IDENTITY[sdk=iphoneos*]" = "iPhone Developer";
				COPY_PHASE_STRIP = NO;
				DEBUG_INFORMATION_FORMAT = "dwarf-with-dsym";
				ENABLE_NS_ASSERTIONS = NO;
				ENABLE_STRICT_OBJC_MSGSEND = YES;
				GCC_C_LANGUAGE_STANDARD = gnu99;
				GCC_NO_COMMON_BLOCKS = YES;
				GCC_WARN_64_TO_32_BIT_CONVERSION = YES;
				GCC_WARN_ABOUT_RETURN_TYPE = YES_ERROR;
				GCC_WARN_UNDECLARED_SELECTOR = YES;
				GCC_WARN_UNINITIALIZED_AUTOS = YES_AGGRESSIVE;
				GCC_WARN_UNUSED_FUNCTION = YES;
				GCC_WARN_UNUSED_VARIABLE = YES;
				IPHONEOS_DEPLOYMENT_TARGET = 8.4;
				MTL_ENABLE_DEBUG_INFO = NO;
				SDKROOT = iphoneos;
				VALIDATE_PRODUCT = YES;
			};
			name = Release;
		};
		AAE474821B88196700DED003 /* Debug */ = {
			isa = XCBuildConfiguration;
			buildSettings = {
				ASSETCATALOG_COMPILER_APPICON_NAME = AppIcon;
				INFOPLIST_FILE = HelloTableView/Info.plist;
				LD_RUNPATH_SEARCH_PATHS = "$(inherited) @executable_path/Frameworks";
				PRODUCT_NAME = "$(TARGET_NAME)";
			};
			name = Debug;
		};
		AAE474831B88196700DED003 /* Release */ = {
			isa = XCBuildConfiguration;
			buildSettings = {
				ASSETCATALOG_COMPILER_APPICON_NAME = AppIcon;
				INFOPLIST_FILE = HelloTableView/Info.plist;
				LD_RUNPATH_SEARCH_PATHS = "$(inherited) @executable_path/Frameworks";
				PRODUCT_NAME = "$(TARGET_NAME)";
			};
			name = Release;
		};
		AAE474851B88196700DED003 /* Debug */ = {
			isa = XCBuildConfiguration;
			buildSettings = {
				BUNDLE_LOADER = "$(TEST_HOST)";
				FRAMEWORK_SEARCH_PATHS = (
					"$(SDKROOT)/Developer/Library/Frameworks",
					"$(inherited)",
				);
				GCC_PREPROCESSOR_DEFINITIONS = (
					"DEBUG=1",
					"$(inherited)",
				);
				INFOPLIST_FILE = HelloTableViewTests/Info.plist;
				LD_RUNPATH_SEARCH_PATHS = "$(inherited) @executable_path/Frameworks @loader_path/Frameworks";
				PRODUCT_NAME = "$(TARGET_NAME)";
				TEST_HOST = "$(BUILT_PRODUCTS_DIR)/HelloTableView.app/HelloTableView";
			};
			name = Debug;
		};
		AAE474861B88196700DED003 /* Release */ = {
			isa = XCBuildConfiguration;
			buildSettings = {
				BUNDLE_LOADER = "$(TEST_HOST)";
				FRAMEWORK_SEARCH_PATHS = (
					"$(SDKROOT)/Developer/Library/Frameworks",
					"$(inherited)",
				);
				INFOPLIST_FILE = HelloTableViewTests/Info.plist;
				LD_RUNPATH_SEARCH_PATHS = "$(inherited) @executable_path/Frameworks @loader_path/Frameworks";
				PRODUCT_NAME = "$(TARGET_NAME)";
				TEST_HOST = "$(BUILT_PRODUCTS_DIR)/HelloTableView.app/HelloTableView";
			};
			name = Release;
		};
/* End XCBuildConfiguration section */

/* Begin XCConfigurationList section */
		AAE474591B88196700DED003 /* Build configuration list for PBXProject "HelloTableView" */ = {
			isa = XCConfigurationList;
			buildConfigurations = (
				AAE4747F1B88196700DED003 /* Debug */,
				AAE474801B88196700DED003 /* Release */,
			);
			defaultConfigurationIsVisible = 0;
			defaultConfigurationName = Release;
		};
		AAE474811B88196700DED003 /* Build configuration list for PBXNativeTarget "HelloTableView" */ = {
			isa = XCConfigurationList;
			buildConfigurations = (
				AAE474821B88196700DED003 /* Debug */,
				AAE474831B88196700DED003 /* Release */,
			);
			defaultConfigurationIsVisible = 0;
		};
		AAE474841B88196700DED003 /* Build configuration list for PBXNativeTarget "HelloTableViewTests" */ = {
			isa = XCConfigurationList;
			buildConfigurations = (
				AAE474851B88196700DED003 /* Debug */,
				AAE474861B88196700DED003 /* Release */,
			);
			defaultConfigurationIsVisible = 0;
		};
/* End XCConfigurationList section */
	};
	rootObject = AAE474561B88196700DED003 /* Project object */;
}
