// !$*UTF8*$!
{
	archiveVersion = 1;
	classes = {
	};
	objectVersion = 46;
	objects = {

/* Begin PBXBuildFile section */
		AA3E67DE1CED7970008F3AC6 /* AppDelegate.swift in Sources */ = {isa = PBXBuildFile; fileRef = AA3E67DD1CED7970008F3AC6 /* AppDelegate.swift */; };
		AA3E67E01CED7970008F3AC6 /* Assets.xcassets in Resources */ = {isa = PBXBuildFile; fileRef = AA3E67DF1CED7970008F3AC6 /* Assets.xcassets */; };
		AA3E67E31CED7970008F3AC6 /* MainMenu.xib in Resources */ = {isa = PBXBuildFile; fileRef = AA3E67E11CED7970008F3AC6 /* MainMenu.xib */; };
/* End PBXBuildFile section */

/* Begin PBXFileReference section */
		AA3E67DA1CED7970008F3AC6 /* AutoLabelOut.app */ = {isa = PBXFileReference; explicitFileType = wrapper.application; includeInIndex = 0; path = AutoLabelOut.app; sourceTree = BUILT_PRODUCTS_DIR; };
		AA3E67DD1CED7970008F3AC6 /* AppDelegate.swift */ = {isa = PBXFileReference; lastKnownFileType = sourcecode.swift; path = AppDelegate.swift; sourceTree = "<group>"; };
		AA3E67DF1CED7970008F3AC6 /* Assets.xcassets */ = {isa = PBXFileReference; lastKnownFileType = folder.assetcatalog; path = Assets.xcassets; sourceTree = "<group>"; };
		AA3E67E21CED7970008F3AC6 /* Base */ = {isa = PBXFileReference; lastKnownFileType = file.xib; name = Base; path = Base.lproj/MainMenu.xib; sourceTree = "<group>"; };
		AA3E67E41CED7970008F3AC6 /* Info.plist */ = {isa = PBXFileReference; lastKnownFileType = text.plist.xml; path = Info.plist; sourceTree = "<group>"; };
/* End PBXFileReference section */

/* Begin PBXFrameworksBuildPhase section */
		AA3E67D71CED7970008F3AC6 /* Frameworks */ = {
			isa = PBXFrameworksBuildPhase;
			buildActionMask = 2147483647;
			files = (
			);
			runOnlyForDeploymentPostprocessing = 0;
		};
/* End PBXFrameworksBuildPhase section */

/* Begin PBXGroup section */
		AA3E67D11CED7970008F3AC6 = {
			isa = PBXGroup;
			children = (
				AA3E67DC1CED7970008F3AC6 /* AutoLabelOut */,
				AA3E67DB1CED7970008F3AC6 /* Products */,
			);
			sourceTree = "<group>";
		};
		AA3E67DB1CED7970008F3AC6 /* Products */ = {
			isa = PBXGroup;
			children = (
				AA3E67DA1CED7970008F3AC6 /* AutoLabelOut.app */,
			);
			name = Products;
			sourceTree = "<group>";
		};
		AA3E67DC1CED7970008F3AC6 /* AutoLabelOut */ = {
			isa = PBXGroup;
			children = (
				AA3E67DD1CED7970008F3AC6 /* AppDelegate.swift */,
				AA3E67DF1CED7970008F3AC6 /* Assets.xcassets */,
				AA3E67E11CED7970008F3AC6 /* MainMenu.xib */,
				AA3E67E41CED7970008F3AC6 /* Info.plist */,
			);
			path = AutoLabelOut;
			sourceTree = "<group>";
		};
/* End PBXGroup section */

/* Begin PBXNativeTarget section */
		AA3E67D91CED7970008F3AC6 /* AutoLabelOut */ = {
			isa = PBXNativeTarget;
			buildConfigurationList = AA3E67E71CED7970008F3AC6 /* Build configuration list for PBXNativeTarget "AutoLabelOut" */;
			buildPhases = (
				AA3E67D61CED7970008F3AC6 /* Sources */,
				AA3E67D71CED7970008F3AC6 /* Frameworks */,
				AA3E67D81CED7970008F3AC6 /* Resources */,
			);
			buildRules = (
			);
			dependencies = (
			);
			name = AutoLabelOut;
			productName = AutoLabelOut;
			productReference = AA3E67DA1CED7970008F3AC6 /* AutoLabelOut.app */;
			productType = "com.apple.product-type.application";
		};
/* End PBXNativeTarget section */

/* Begin PBXProject section */
		AA3E67D21CED7970008F3AC6 /* Project object */ = {
			isa = PBXProject;
			attributes = {
				LastSwiftUpdateCheck = 0730;
				LastUpgradeCheck = 0730;
				ORGANIZATIONNAME = mcxiaoke;
				TargetAttributes = {
					AA3E67D91CED7970008F3AC6 = {
						CreatedOnToolsVersion = 7.3.1;
					};
				};
			};
			buildConfigurationList = AA3E67D51CED7970008F3AC6 /* Build configuration list for PBXProject "AutoLabelOut" */;
			compatibilityVersion = "Xcode 3.2";
			developmentRegion = English;
			hasScannedForEncodings = 0;
			knownRegions = (
				en,
				Base,
			);
			mainGroup = AA3E67D11CED7970008F3AC6;
			productRefGroup = AA3E67DB1CED7970008F3AC6 /* Products */;
			projectDirPath = "";
			projectRoot = "";
			targets = (
				AA3E67D91CED7970008F3AC6 /* AutoLabelOut */,
			);
		};
/* End PBXProject section */

/* Begin PBXResourcesBuildPhase section */
		AA3E67D81CED7970008F3AC6 /* Resources */ = {
			isa = PBXResourcesBuildPhase;
			buildActionMask = 2147483647;
			files = (
				AA3E67E01CED7970008F3AC6 /* Assets.xcassets in Resources */,
				AA3E67E31CED7970008F3AC6 /* MainMenu.xib in Resources */,
			);
			runOnlyForDeploymentPostprocessing = 0;
		};
/* End PBXResourcesBuildPhase section */

/* Begin PBXSourcesBuildPhase section */
		AA3E67D61CED7970008F3AC6 /* Sources */ = {
			isa = PBXSourcesBuildPhase;
			buildActionMask = 2147483647;
			files = (
				AA3E67DE1CED7970008F3AC6 /* AppDelegate.swift in Sources */,
			);
			runOnlyForDeploymentPostprocessing = 0;
		};
/* End PBXSourcesBuildPhase section */

/* Begin PBXVariantGroup section */
		AA3E67E11CED7970008F3AC6 /* MainMenu.xib */ = {
			isa = PBXVariantGroup;
			children = (
				AA3E67E21CED7970008F3AC6 /* Base */,
			);
			name = MainMenu.xib;
			sourceTree = "<group>";
		};
/* End PBXVariantGroup section */

/* Begin XCBuildConfiguration section */
		AA3E67E51CED7970008F3AC6 /* Debug */ = {
			isa = XCBuildConfiguration;
			buildSettings = {
				ALWAYS_SEARCH_USER_PATHS = NO;
				CLANG_ANALYZER_NONNULL = YES;
				CLANG_CXX_LANGUAGE_STANDARD = "gnu++0x";
				CLANG_CXX_LIBRARY = "libc++";
				CLANG_ENABLE_MODULES = YES;
				CLANG_ENABLE_OBJC_ARC = YES;
				CLANG_WARN_BOOL_CONVERSION = YES;
				CLANG_WARN_CONSTANT_CONVERSION = YES;
				CLANG_WARN_DIRECT_OBJC_ISA_USAGE = YES_ERROR;
				CLANG_WARN_EMPTY_BODY = YES;
				CLANG_WARN_ENUM_CONVERSION = YES;
				CLANG_WARN_INT_CONVERSION = YES;
				CLANG_WARN_OBJC_ROOT_CLASS = YES_ERROR;
				CLANG_WARN_UNREACHABLE_CODE = YES;
				CLANG_WARN__DUPLICATE_METHOD_MATCH = YES;
				CODE_SIGN_IDENTITY = "-";
				COPY_PHASE_STRIP = NO;
				DEBUG_INFORMATION_FORMAT = dwarf;
				ENABLE_STRICT_OBJC_MSGSEND = YES;
				ENABLE_TESTABILITY = YES;
				GCC_C_LANGUAGE_STANDARD = gnu99;
				GCC_DYNAMIC_NO_PIC = NO;
				GCC_NO_COMMON_BLOCKS = YES;
				GCC_OPTIMIZATION_LEVEL = 0;
				GCC_PREPROCESSOR_DEFINITIONS = (
					"DEBUG=1",
					"$(inherited)",
				);
				GCC_WARN_64_TO_32_BIT_CONVERSION = YES;
				GCC_WARN_ABOUT_RETURN_TYPE = YES_ERROR;
				GCC_WARN_UNDECLARED_SELECTOR = YES;
				GCC_WARN_UNINITIALIZED_AUTOS = YES_AGGRESSIVE;
				GCC_WARN_UNUSED_FUNCTION = YES;
				GCC_WARN_UNUSED_VARIABLE = YES;
				MACOSX_DEPLOYMENT_TARGET = 10.11;
				MTL_ENABLE_DEBUG_INFO = YES;
				ONLY_ACTIVE_ARCH = YES;
				SDKROOT = macosx;
				SWIFT_OPTIMIZATION_LEVEL = "-Onone";
			};
			name = Debug;
		};
		AA3E67E61CED7970008F3AC6 /* Release */ = {
			isa = XCBuildConfiguration;
			buildSettings = {
				ALWAYS_SEARCH_USER_PATHS = NO;
				CLANG_ANALYZER_NONNULL = YES;
				CLANG_CXX_LANGUAGE_STANDARD = "gnu++0x";
				CLANG_CXX_LIBRARY = "libc++";
				CLANG_ENABLE_MODULES = YES;
				CLANG_ENABLE_OBJC_ARC = YES;
				CLANG_WARN_BOOL_CONVERSION = YES;
				CLANG_WARN_CONSTANT_CONVERSION = YES;
				CLANG_WARN_DIRECT_OBJC_ISA_USAGE = YES_ERROR;
				CLANG_WARN_EMPTY_BODY = YES;
				CLANG_WARN_ENUM_CONVERSION = YES;
				CLANG_WARN_INT_CONVERSION = YES;
				CLANG_WARN_OBJC_ROOT_CLASS = YES_ERROR;
				CLANG_WARN_UNREACHABLE_CODE = YES;
				CLANG_WARN__DUPLICATE_METHOD_MATCH = YES;
				CODE_SIGN_IDENTITY = "-";
				COPY_PHASE_STRIP = NO;
				DEBUG_INFORMATION_FORMAT = "dwarf-with-dsym";
				ENABLE_NS_ASSERTIONS = NO;
				ENABLE_STRICT_OBJC_MSGSEND = YES;
				GCC_C_LANGUAGE_STANDARD = gnu99;
				GCC_NO_COMMON_BLOCKS = YES;
				GCC_WARN_64_TO_32_BIT_CONVERSION = YES;
				GCC_WARN_ABOUT_RETURN_TYPE = YES_ERROR;
				GCC_WARN_UNDECLARED_SELECTOR = YES;
				GCC_WARN_UNINITIALIZED_AUTOS = YES_AGGRESSIVE;
				GCC_WARN_UNUSED_FUNCTION = YES;
				GCC_WARN_UNUSED_VARIABLE = YES;
				MACOSX_DEPLOYMENT_TARGET = 10.11;
				MTL_ENABLE_DEBUG_INFO = NO;
				SDKROOT = macosx;
			};
			name = Release;
		};
		AA3E67E81CED7970008F3AC6 /* Debug */ = {
			isa = XCBuildConfiguration;
			buildSettings = {
				ASSETCATALOG_COMPILER_APPICON_NAME = AppIcon;
				COMBINE_HIDPI_IMAGES = YES;
				INFOPLIST_FILE = AutoLabelOut/Info.plist;
				LD_RUNPATH_SEARCH_PATHS = "$(inherited) @executable_path/../Frameworks";
				PRODUCT_BUNDLE_IDENTIFIER = com.mcxiaoke.osx.AutoLabelOut;
				PRODUCT_NAME = "$(TARGET_NAME)";
			};
			name = Debug;
		};
		AA3E67E91CED7970008F3AC6 /* Release */ = {
			isa = XCBuildConfiguration;
			buildSettings = {
				ASSETCATALOG_COMPILER_APPICON_NAME = AppIcon;
				COMBINE_HIDPI_IMAGES = YES;
				INFOPLIST_FILE = AutoLabelOut/Info.plist;
				LD_RUNPATH_SEARCH_PATHS = "$(inherited) @executable_path/../Frameworks";
				PRODUCT_BUNDLE_IDENTIFIER = com.mcxiaoke.osx.AutoLabelOut;
				PRODUCT_NAME = "$(TARGET_NAME)";
			};
			name = Release;
		};
/* End XCBuildConfiguration section */

/* Begin XCConfigurationList section */
		AA3E67D51CED7970008F3AC6 /* Build configuration list for PBXProject "AutoLabelOut" */ = {
			isa = XCConfigurationList;
			buildConfigurations = (
				AA3E67E51CED7970008F3AC6 /* Debug */,
				AA3E67E61CED7970008F3AC6 /* Release */,
			);
			defaultConfigurationIsVisible = 0;
			defaultConfigurationName = Release;
		};
		AA3E67E71CED7970008F3AC6 /* Build configuration list for PBXNativeTarget "AutoLabelOut" */ = {
			isa = XCConfigurationList;
			buildConfigurations = (
				AA3E67E81CED7970008F3AC6 /* Debug */,
				AA3E67E91CED7970008F3AC6 /* Release */,
			);
			defaultConfigurationIsVisible = 0;
		};
/* End XCConfigurationList section */
	};
	rootObject = AA3E67D21CED7970008F3AC6 /* Project object */;
}
