// !$*UTF8*$!
{
	archiveVersion = 1;
	classes = {
	};
	objectVersion = 46;
	objects = {

/* Begin PBXBuildFile section */
		AA00DF991CF6C1E7000D242E /* MainViewController.swift in Sources */ = {isa = PBXBuildFile; fileRef = AA00DF981CF6C1E7000D242E /* MainViewController.swift */; };
		AA00DF9B1CF6C213000D242E /* ImageListViewController.swift in Sources */ = {isa = PBXBuildFile; fileRef = AA00DF9A1CF6C213000D242E /* ImageListViewController.swift */; };
		AA00DF9F1CF6D6A6000D242E /* NSURL+Extensions.swift in Sources */ = {isa = PBXBuildFile; fileRef = AA00DF9E1CF6D6A6000D242E /* NSURL+Extensions.swift */; };
		AA1078601D0005EE005A3BE7 /* TabThumbViewController.swift in Sources */ = {isa = PBXBuildFile; fileRef = AA10785E1D0005EE005A3BE7 /* TabThumbViewController.swift */; };
		AA1078611D0005EE005A3BE7 /* TabThumbViewController.xib in Resources */ = {isa = PBXBuildFile; fileRef = AA10785F1D0005EE005A3BE7 /* TabThumbViewController.xib */; };
		AA4FFE051CFC462A00AD0A44 /* ValueTextColorTransformer.swift in Sources */ = {isa = PBXBuildFile; fileRef = AA4FFE041CFC462A00AD0A44 /* ValueTextColorTransformer.swift */; };
		AA9C153F1CFED26C0062218A /* DetailTabViewController.swift in Sources */ = {isa = PBXBuildFile; fileRef = AA9C153E1CFED26C0062218A /* DetailTabViewController.swift */; };
		AA9C15441CFEE2810062218A /* TabInfoViewController.swift in Sources */ = {isa = PBXBuildFile; fileRef = AA9C15421CFEE2810062218A /* TabInfoViewController.swift */; };
		AA9C15451CFEE2810062218A /* TabInfoViewController.xib in Resources */ = {isa = PBXBuildFile; fileRef = AA9C15431CFEE2810062218A /* TabInfoViewController.xib */; };
		AAC8147B1D05642100C3CE8C /* GPSEditViewController.swift in Sources */ = {isa = PBXBuildFile; fileRef = AAC814791D05642100C3CE8C /* GPSEditViewController.swift */; };
		AAC8147C1D05642100C3CE8C /* GPSEditViewController.xib in Resources */ = {isa = PBXBuildFile; fileRef = AAC8147A1D05642100C3CE8C /* GPSEditViewController.xib */; };
		AAC8147F1D0577B100C3CE8C /* MapKit.framework in Frameworks */ = {isa = PBXBuildFile; fileRef = AAC8147E1D0577B100C3CE8C /* MapKit.framework */; };
		AAC814811D0577BD00C3CE8C /* CoreLocation.framework in Frameworks */ = {isa = PBXBuildFile; fileRef = AAC814801D0577BD00C3CE8C /* CoreLocation.framework */; };
		AAD06AFF1CF8387B003DC181 /* Constants.swift in Sources */ = {isa = PBXBuildFile; fileRef = AAD06AFE1CF8387B003DC181 /* Constants.swift */; };
		AAD06B011CF83D25003DC181 /* ImagePropertyItem.swift in Sources */ = {isa = PBXBuildFile; fileRef = AAD06B001CF83D25003DC181 /* ImagePropertyItem.swift */; };
		AAD06B031CF83DB3003DC181 /* ImageHelper.swift in Sources */ = {isa = PBXBuildFile; fileRef = AAD06B021CF83DB3003DC181 /* ImageHelper.swift */; };
		AAD06B051CF83E1F003DC181 /* ImagePropertyContainer.swift in Sources */ = {isa = PBXBuildFile; fileRef = AAD06B041CF83E1F003DC181 /* ImagePropertyContainer.swift */; };
		AAFDAF921CF5784500EC8923 /* AppDelegate.swift in Sources */ = {isa = PBXBuildFile; fileRef = AAFDAF911CF5784500EC8923 /* AppDelegate.swift */; };
		AAFDAF941CF5784500EC8923 /* ImageDetailViewController.swift in Sources */ = {isa = PBXBuildFile; fileRef = AAFDAF931CF5784500EC8923 /* ImageDetailViewController.swift */; };
		AAFDAF961CF5784500EC8923 /* Assets.xcassets in Resources */ = {isa = PBXBuildFile; fileRef = AAFDAF951CF5784500EC8923 /* Assets.xcassets */; };
		AAFDAF991CF5784500EC8923 /* Main.storyboard in Resources */ = {isa = PBXBuildFile; fileRef = AAFDAF971CF5784500EC8923 /* Main.storyboard */; };
		AAFDAFA41CF5784500EC8923 /* ExifViewerTests.swift in Sources */ = {isa = PBXBuildFile; fileRef = AAFDAFA31CF5784500EC8923 /* ExifViewerTests.swift */; };
		AAFDAFAF1CF588D700EC8923 /* MainWindowController.swift in Sources */ = {isa = PBXBuildFile; fileRef = AAFDAFAE1CF588D700EC8923 /* MainWindowController.swift */; };
/* End PBXBuildFile section */

/* Begin PBXContainerItemProxy section */
		AAFDAFA01CF5784500EC8923 /* PBXContainerItemProxy */ = {
			isa = PBXContainerItemProxy;
			containerPortal = AAFDAF861CF5784500EC8923 /* Project object */;
			proxyType = 1;
			remoteGlobalIDString = AAFDAF8D1CF5784500EC8923;
			remoteInfo = ExifViewer;
		};
/* End PBXContainerItemProxy section */

/* Begin PBXFileReference section */
		AA00DF981CF6C1E7000D242E /* MainViewController.swift */ = {isa = PBXFileReference; fileEncoding = 4; lastKnownFileType = sourcecode.swift; path = MainViewController.swift; sourceTree = "<group>"; };
		AA00DF9A1CF6C213000D242E /* ImageListViewController.swift */ = {isa = PBXFileReference; fileEncoding = 4; lastKnownFileType = sourcecode.swift; path = ImageListViewController.swift; sourceTree = "<group>"; };
		AA00DF9E1CF6D6A6000D242E /* NSURL+Extensions.swift */ = {isa = PBXFileReference; fileEncoding = 4; lastKnownFileType = sourcecode.swift; path = "NSURL+Extensions.swift"; sourceTree = "<group>"; };
		AA10785E1D0005EE005A3BE7 /* TabThumbViewController.swift */ = {isa = PBXFileReference; fileEncoding = 4; lastKnownFileType = sourcecode.swift; path = TabThumbViewController.swift; sourceTree = "<group>"; };
		AA10785F1D0005EE005A3BE7 /* TabThumbViewController.xib */ = {isa = PBXFileReference; fileEncoding = 4; lastKnownFileType = file.xib; path = TabThumbViewController.xib; sourceTree = "<group>"; };
		AA4FFE041CFC462A00AD0A44 /* ValueTextColorTransformer.swift */ = {isa = PBXFileReference; fileEncoding = 4; lastKnownFileType = sourcecode.swift; path = ValueTextColorTransformer.swift; sourceTree = "<group>"; };
		AA9C153E1CFED26C0062218A /* DetailTabViewController.swift */ = {isa = PBXFileReference; fileEncoding = 4; lastKnownFileType = sourcecode.swift; path = DetailTabViewController.swift; sourceTree = "<group>"; };
		AA9C15421CFEE2810062218A /* TabInfoViewController.swift */ = {isa = PBXFileReference; fileEncoding = 4; lastKnownFileType = sourcecode.swift; path = TabInfoViewController.swift; sourceTree = "<group>"; };
		AA9C15431CFEE2810062218A /* TabInfoViewController.xib */ = {isa = PBXFileReference; fileEncoding = 4; lastKnownFileType = file.xib; path = TabInfoViewController.xib; sourceTree = "<group>"; };
		AAC814791D05642100C3CE8C /* GPSEditViewController.swift */ = {isa = PBXFileReference; fileEncoding = 4; lastKnownFileType = sourcecode.swift; path = GPSEditViewController.swift; sourceTree = "<group>"; };
		AAC8147A1D05642100C3CE8C /* GPSEditViewController.xib */ = {isa = PBXFileReference; fileEncoding = 4; lastKnownFileType = file.xib; path = GPSEditViewController.xib; sourceTree = "<group>"; };
		AAC8147D1D05775900C3CE8C /* ExifViewer.entitlements */ = {isa = PBXFileReference; lastKnownFileType = text.xml; path = ExifViewer.entitlements; sourceTree = "<group>"; };
		AAC8147E1D0577B100C3CE8C /* MapKit.framework */ = {isa = PBXFileReference; lastKnownFileType = wrapper.framework; name = MapKit.framework; path = System/Library/Frameworks/MapKit.framework; sourceTree = SDKROOT; };
		AAC814801D0577BD00C3CE8C /* CoreLocation.framework */ = {isa = PBXFileReference; lastKnownFileType = wrapper.framework; name = CoreLocation.framework; path = System/Library/Frameworks/CoreLocation.framework; sourceTree = SDKROOT; };
		AAD06AFE1CF8387B003DC181 /* Constants.swift */ = {isa = PBXFileReference; fileEncoding = 4; lastKnownFileType = sourcecode.swift; path = Constants.swift; sourceTree = "<group>"; };
		AAD06B001CF83D25003DC181 /* ImagePropertyItem.swift */ = {isa = PBXFileReference; fileEncoding = 4; lastKnownFileType = sourcecode.swift; path = ImagePropertyItem.swift; sourceTree = "<group>"; };
		AAD06B021CF83DB3003DC181 /* ImageHelper.swift */ = {isa = PBXFileReference; fileEncoding = 4; lastKnownFileType = sourcecode.swift; path = ImageHelper.swift; sourceTree = "<group>"; };
		AAD06B041CF83E1F003DC181 /* ImagePropertyContainer.swift */ = {isa = PBXFileReference; fileEncoding = 4; lastKnownFileType = sourcecode.swift; path = ImagePropertyContainer.swift; sourceTree = "<group>"; };
		AAFDAF8E1CF5784500EC8923 /* ExifViewer.app */ = {isa = PBXFileReference; explicitFileType = wrapper.application; includeInIndex = 0; path = ExifViewer.app; sourceTree = BUILT_PRODUCTS_DIR; };
		AAFDAF911CF5784500EC8923 /* AppDelegate.swift */ = {isa = PBXFileReference; lastKnownFileType = sourcecode.swift; path = AppDelegate.swift; sourceTree = "<group>"; };
		AAFDAF931CF5784500EC8923 /* ImageDetailViewController.swift */ = {isa = PBXFileReference; lastKnownFileType = sourcecode.swift; path = ImageDetailViewController.swift; sourceTree = "<group>"; };
		AAFDAF951CF5784500EC8923 /* Assets.xcassets */ = {isa = PBXFileReference; lastKnownFileType = folder.assetcatalog; path = Assets.xcassets; sourceTree = "<group>"; };
		AAFDAF981CF5784500EC8923 /* Base */ = {isa = PBXFileReference; lastKnownFileType = file.storyboard; name = Base; path = Base.lproj/Main.storyboard; sourceTree = "<group>"; };
		AAFDAF9A1CF5784500EC8923 /* Info.plist */ = {isa = PBXFileReference; lastKnownFileType = text.plist.xml; path = Info.plist; sourceTree = "<group>"; };
		AAFDAF9F1CF5784500EC8923 /* ExifViewerTests.xctest */ = {isa = PBXFileReference; explicitFileType = wrapper.cfbundle; includeInIndex = 0; path = ExifViewerTests.xctest; sourceTree = BUILT_PRODUCTS_DIR; };
		AAFDAFA31CF5784500EC8923 /* ExifViewerTests.swift */ = {isa = PBXFileReference; lastKnownFileType = sourcecode.swift; path = ExifViewerTests.swift; sourceTree = "<group>"; };
		AAFDAFA51CF5784500EC8923 /* Info.plist */ = {isa = PBXFileReference; lastKnownFileType = text.plist.xml; path = Info.plist; sourceTree = "<group>"; };
		AAFDAFAE1CF588D700EC8923 /* MainWindowController.swift */ = {isa = PBXFileReference; fileEncoding = 4; lastKnownFileType = sourcecode.swift; path = MainWindowController.swift; sourceTree = "<group>"; };
/* End PBXFileReference section */

/* Begin PBXFrameworksBuildPhase section */
		AAFDAF8B1CF5784500EC8923 /* Frameworks */ = {
			isa = PBXFrameworksBuildPhase;
			buildActionMask = 2147483647;
			files = (
				AAC814811D0577BD00C3CE8C /* CoreLocation.framework in Frameworks */,
				AAC8147F1D0577B100C3CE8C /* MapKit.framework in Frameworks */,
			);
			runOnlyForDeploymentPostprocessing = 0;
		};
		AAFDAF9C1CF5784500EC8923 /* Frameworks */ = {
			isa = PBXFrameworksBuildPhase;
			buildActionMask = 2147483647;
			files = (
			);
			runOnlyForDeploymentPostprocessing = 0;
		};
/* End PBXFrameworksBuildPhase section */

/* Begin PBXGroup section */
		AAFDAF851CF5784500EC8923 = {
			isa = PBXGroup;
			children = (
				AAC814801D0577BD00C3CE8C /* CoreLocation.framework */,
				AAC8147E1D0577B100C3CE8C /* MapKit.framework */,
				AAFDAF901CF5784500EC8923 /* ExifViewer */,
				AAFDAFA21CF5784500EC8923 /* ExifViewerTests */,
				AAFDAF8F1CF5784500EC8923 /* Products */,
			);
			sourceTree = "<group>";
		};
		AAFDAF8F1CF5784500EC8923 /* Products */ = {
			isa = PBXGroup;
			children = (
				AAFDAF8E1CF5784500EC8923 /* ExifViewer.app */,
				AAFDAF9F1CF5784500EC8923 /* ExifViewerTests.xctest */,
			);
			name = Products;
			sourceTree = "<group>";
		};
		AAFDAF901CF5784500EC8923 /* ExifViewer */ = {
			isa = PBXGroup;
			children = (
				AAC8147D1D05775900C3CE8C /* ExifViewer.entitlements */,
				AAFDAF9A1CF5784500EC8923 /* Info.plist */,
				AAFDAF911CF5784500EC8923 /* AppDelegate.swift */,
				AAFDAF931CF5784500EC8923 /* ImageDetailViewController.swift */,
				AA00DF9A1CF6C213000D242E /* ImageListViewController.swift */,
				AA00DF981CF6C1E7000D242E /* MainViewController.swift */,
				AAFDAFAE1CF588D700EC8923 /* MainWindowController.swift */,
				AA00DF9E1CF6D6A6000D242E /* NSURL+Extensions.swift */,
				AAFDAF951CF5784500EC8923 /* Assets.xcassets */,
				AAFDAF971CF5784500EC8923 /* Main.storyboard */,
				AAD06AFE1CF8387B003DC181 /* Constants.swift */,
				AAD06B001CF83D25003DC181 /* ImagePropertyItem.swift */,
				AAD06B021CF83DB3003DC181 /* ImageHelper.swift */,
				AAD06B041CF83E1F003DC181 /* ImagePropertyContainer.swift */,
				AA4FFE041CFC462A00AD0A44 /* ValueTextColorTransformer.swift */,
				AA9C153E1CFED26C0062218A /* DetailTabViewController.swift */,
				AA9C15421CFEE2810062218A /* TabInfoViewController.swift */,
				AA9C15431CFEE2810062218A /* TabInfoViewController.xib */,
				AA10785E1D0005EE005A3BE7 /* TabThumbViewController.swift */,
				AA10785F1D0005EE005A3BE7 /* TabThumbViewController.xib */,
				AAC814791D05642100C3CE8C /* GPSEditViewController.swift */,
				AAC8147A1D05642100C3CE8C /* GPSEditViewController.xib */,
			);
			path = ExifViewer;
			sourceTree = "<group>";
		};
		AAFDAFA21CF5784500EC8923 /* ExifViewerTests */ = {
			isa = PBXGroup;
			children = (
				AAFDAFA31CF5784500EC8923 /* ExifViewerTests.swift */,
				AAFDAFA51CF5784500EC8923 /* Info.plist */,
			);
			path = ExifViewerTests;
			sourceTree = "<group>";
		};
/* End PBXGroup section */

/* Begin PBXNativeTarget section */
		AAFDAF8D1CF5784500EC8923 /* ExifViewer */ = {
			isa = PBXNativeTarget;
			buildConfigurationList = AAFDAFA81CF5784500EC8923 /* Build configuration list for PBXNativeTarget "ExifViewer" */;
			buildPhases = (
				AAFDAF8A1CF5784500EC8923 /* Sources */,
				AAFDAF8B1CF5784500EC8923 /* Frameworks */,
				AAFDAF8C1CF5784500EC8923 /* Resources */,
			);
			buildRules = (
			);
			dependencies = (
			);
			name = ExifViewer;
			productName = ExifViewer;
			productReference = AAFDAF8E1CF5784500EC8923 /* ExifViewer.app */;
			productType = "com.apple.product-type.application";
		};
		AAFDAF9E1CF5784500EC8923 /* ExifViewerTests */ = {
			isa = PBXNativeTarget;
			buildConfigurationList = AAFDAFAB1CF5784500EC8923 /* Build configuration list for PBXNativeTarget "ExifViewerTests" */;
			buildPhases = (
				AAFDAF9B1CF5784500EC8923 /* Sources */,
				AAFDAF9C1CF5784500EC8923 /* Frameworks */,
				AAFDAF9D1CF5784500EC8923 /* Resources */,
			);
			buildRules = (
			);
			dependencies = (
				AAFDAFA11CF5784500EC8923 /* PBXTargetDependency */,
			);
			name = ExifViewerTests;
			productName = ExifViewerTests;
			productReference = AAFDAF9F1CF5784500EC8923 /* ExifViewerTests.xctest */;
			productType = "com.apple.product-type.bundle.unit-test";
		};
/* End PBXNativeTarget section */

/* Begin PBXProject section */
		AAFDAF861CF5784500EC8923 /* Project object */ = {
			isa = PBXProject;
			attributes = {
				LastSwiftUpdateCheck = 0730;
				LastUpgradeCheck = 0730;
				ORGANIZATIONNAME = mcxiaoke;
				TargetAttributes = {
					AAFDAF8D1CF5784500EC8923 = {
						CreatedOnToolsVersion = 7.3.1;
						DevelopmentTeam = 934E3APZSV;
						SystemCapabilities = {
							com.apple.Sandbox = {
								enabled = 0;
							};
						};
					};
					AAFDAF9E1CF5784500EC8923 = {
						CreatedOnToolsVersion = 7.3.1;
						TestTargetID = AAFDAF8D1CF5784500EC8923;
					};
				};
			};
			buildConfigurationList = AAFDAF891CF5784500EC8923 /* Build configuration list for PBXProject "ExifViewer" */;
			compatibilityVersion = "Xcode 3.2";
			developmentRegion = English;
			hasScannedForEncodings = 0;
			knownRegions = (
				en,
				Base,
			);
			mainGroup = AAFDAF851CF5784500EC8923;
			productRefGroup = AAFDAF8F1CF5784500EC8923 /* Products */;
			projectDirPath = "";
			projectRoot = "";
			targets = (
				AAFDAF8D1CF5784500EC8923 /* ExifViewer */,
				AAFDAF9E1CF5784500EC8923 /* ExifViewerTests */,
			);
		};
/* End PBXProject section */

/* Begin PBXResourcesBuildPhase section */
		AAFDAF8C1CF5784500EC8923 /* Resources */ = {
			isa = PBXResourcesBuildPhase;
			buildActionMask = 2147483647;
			files = (
				AAFDAF961CF5784500EC8923 /* Assets.xcassets in Resources */,
				AA1078611D0005EE005A3BE7 /* TabThumbViewController.xib in Resources */,
				AA9C15451CFEE2810062218A /* TabInfoViewController.xib in Resources */,
				AAFDAF991CF5784500EC8923 /* Main.storyboard in Resources */,
				AAC8147C1D05642100C3CE8C /* GPSEditViewController.xib in Resources */,
			);
			runOnlyForDeploymentPostprocessing = 0;
		};
		AAFDAF9D1CF5784500EC8923 /* Resources */ = {
			isa = PBXResourcesBuildPhase;
			buildActionMask = 2147483647;
			files = (
			);
			runOnlyForDeploymentPostprocessing = 0;
		};
/* End PBXResourcesBuildPhase section */

/* Begin PBXSourcesBuildPhase section */
		AAFDAF8A1CF5784500EC8923 /* Sources */ = {
			isa = PBXSourcesBuildPhase;
			buildActionMask = 2147483647;
			files = (
				AA9C15441CFEE2810062218A /* TabInfoViewController.swift in Sources */,
				AA1078601D0005EE005A3BE7 /* TabThumbViewController.swift in Sources */,
				AA00DF9F1CF6D6A6000D242E /* NSURL+Extensions.swift in Sources */,
				AA9C153F1CFED26C0062218A /* DetailTabViewController.swift in Sources */,
				AAD06B011CF83D25003DC181 /* ImagePropertyItem.swift in Sources */,
				AAD06B031CF83DB3003DC181 /* ImageHelper.swift in Sources */,
				AA00DF9B1CF6C213000D242E /* ImageListViewController.swift in Sources */,
				AAFDAF941CF5784500EC8923 /* ImageDetailViewController.swift in Sources */,
				AA4FFE051CFC462A00AD0A44 /* ValueTextColorTransformer.swift in Sources */,
				AAFDAF921CF5784500EC8923 /* AppDelegate.swift in Sources */,
				AAC8147B1D05642100C3CE8C /* GPSEditViewController.swift in Sources */,
				AAD06B051CF83E1F003DC181 /* ImagePropertyContainer.swift in Sources */,
				AAD06AFF1CF8387B003DC181 /* Constants.swift in Sources */,
				AAFDAFAF1CF588D700EC8923 /* MainWindowController.swift in Sources */,
				AA00DF991CF6C1E7000D242E /* MainViewController.swift in Sources */,
			);
			runOnlyForDeploymentPostprocessing = 0;
		};
		AAFDAF9B1CF5784500EC8923 /* Sources */ = {
			isa = PBXSourcesBuildPhase;
			buildActionMask = 2147483647;
			files = (
				AAFDAFA41CF5784500EC8923 /* ExifViewerTests.swift in Sources */,
			);
			runOnlyForDeploymentPostprocessing = 0;
		};
/* End PBXSourcesBuildPhase section */

/* Begin PBXTargetDependency section */
		AAFDAFA11CF5784500EC8923 /* PBXTargetDependency */ = {
			isa = PBXTargetDependency;
			target = AAFDAF8D1CF5784500EC8923 /* ExifViewer */;
			targetProxy = AAFDAFA01CF5784500EC8923 /* PBXContainerItemProxy */;
		};
/* End PBXTargetDependency section */

/* Begin PBXVariantGroup section */
		AAFDAF971CF5784500EC8923 /* Main.storyboard */ = {
			isa = PBXVariantGroup;
			children = (
				AAFDAF981CF5784500EC8923 /* Base */,
			);
			name = Main.storyboard;
			sourceTree = "<group>";
		};
/* End PBXVariantGroup section */

/* Begin XCBuildConfiguration section */
		AAFDAFA61CF5784500EC8923 /* Debug */ = {
			isa = XCBuildConfiguration;
			buildSettings = {
				ALWAYS_SEARCH_USER_PATHS = NO;
				CLANG_ANALYZER_NONNULL = YES;
				CLANG_CXX_LANGUAGE_STANDARD = "gnu++0x";
				CLANG_CXX_LIBRARY = "libc++";
				CLANG_ENABLE_MODULES = YES;
				CLANG_ENABLE_OBJC_ARC = YES;
				CLANG_WARN_BOOL_CONVERSION = YES;
				CLANG_WARN_CONSTANT_CONVERSION = YES;
				CLANG_WARN_DIRECT_OBJC_ISA_USAGE = YES_ERROR;
				CLANG_WARN_EMPTY_BODY = YES;
				CLANG_WARN_ENUM_CONVERSION = YES;
				CLANG_WARN_INT_CONVERSION = YES;
				CLANG_WARN_OBJC_ROOT_CLASS = YES_ERROR;
				CLANG_WARN_UNREACHABLE_CODE = YES;
				CLANG_WARN__DUPLICATE_METHOD_MATCH = YES;
				CODE_SIGN_IDENTITY = "-";
				COPY_PHASE_STRIP = NO;
				DEBUG_INFORMATION_FORMAT = dwarf;
				ENABLE_STRICT_OBJC_MSGSEND = YES;
				ENABLE_TESTABILITY = YES;
				GCC_C_LANGUAGE_STANDARD = gnu99;
				GCC_DYNAMIC_NO_PIC = NO;
				GCC_NO_COMMON_BLOCKS = YES;
				GCC_OPTIMIZATION_LEVEL = 0;
				GCC_PREPROCESSOR_DEFINITIONS = (
					"DEBUG=1",
					"$(inherited)",
				);
				GCC_WARN_64_TO_32_BIT_CONVERSION = YES;
				GCC_WARN_ABOUT_RETURN_TYPE = YES_ERROR;
				GCC_WARN_UNDECLARED_SELECTOR = YES;
				GCC_WARN_UNINITIALIZED_AUTOS = YES_AGGRESSIVE;
				GCC_WARN_UNUSED_FUNCTION = YES;
				GCC_WARN_UNUSED_VARIABLE = YES;
				MACOSX_DEPLOYMENT_TARGET = 10.11;
				MTL_ENABLE_DEBUG_INFO = YES;
				ONLY_ACTIVE_ARCH = YES;
				SDKROOT = macosx;
				SWIFT_OPTIMIZATION_LEVEL = "-Onone";
			};
			name = Debug;
		};
		AAFDAFA71CF5784500EC8923 /* Release */ = {
			isa = XCBuildConfiguration;
			buildSettings = {
				ALWAYS_SEARCH_USER_PATHS = NO;
				CLANG_ANALYZER_NONNULL = YES;
				CLANG_CXX_LANGUAGE_STANDARD = "gnu++0x";
				CLANG_CXX_LIBRARY = "libc++";
				CLANG_ENABLE_MODULES = YES;
				CLANG_ENABLE_OBJC_ARC = YES;
				CLANG_WARN_BOOL_CONVERSION = YES;
				CLANG_WARN_CONSTANT_CONVERSION = YES;
				CLANG_WARN_DIRECT_OBJC_ISA_USAGE = YES_ERROR;
				CLANG_WARN_EMPTY_BODY = YES;
				CLANG_WARN_ENUM_CONVERSION = YES;
				CLANG_WARN_INT_CONVERSION = YES;
				CLANG_WARN_OBJC_ROOT_CLASS = YES_ERROR;
				CLANG_WARN_UNREACHABLE_CODE = YES;
				CLANG_WARN__DUPLICATE_METHOD_MATCH = YES;
				CODE_SIGN_IDENTITY = "-";
				COPY_PHASE_STRIP = NO;
				DEBUG_INFORMATION_FORMAT = "dwarf-with-dsym";
				ENABLE_NS_ASSERTIONS = NO;
				ENABLE_STRICT_OBJC_MSGSEND = YES;
				GCC_C_LANGUAGE_STANDARD = gnu99;
				GCC_NO_COMMON_BLOCKS = YES;
				GCC_WARN_64_TO_32_BIT_CONVERSION = YES;
				GCC_WARN_ABOUT_RETURN_TYPE = YES_ERROR;
				GCC_WARN_UNDECLARED_SELECTOR = YES;
				GCC_WARN_UNINITIALIZED_AUTOS = YES_AGGRESSIVE;
				GCC_WARN_UNUSED_FUNCTION = YES;
				GCC_WARN_UNUSED_VARIABLE = YES;
				MACOSX_DEPLOYMENT_TARGET = 10.11;
				MTL_ENABLE_DEBUG_INFO = NO;
				SDKROOT = macosx;
			};
			name = Release;
		};
		AAFDAFA91CF5784500EC8923 /* Debug */ = {
			isa = XCBuildConfiguration;
			buildSettings = {
				ASSETCATALOG_COMPILER_APPICON_NAME = AppIcon;
				CODE_SIGN_IDENTITY = "Developer ID Application";
				"CODE_SIGN_IDENTITY[sdk=macosx*]" = "Mac Developer";
				COMBINE_HIDPI_IMAGES = YES;
				INFOPLIST_FILE = ExifViewer/Info.plist;
				LD_RUNPATH_SEARCH_PATHS = "$(inherited) @executable_path/../Frameworks";
				PRODUCT_BUNDLE_IDENTIFIER = com.mcxiaoke.osx.ExifViewer;
				PRODUCT_NAME = "$(TARGET_NAME)";
				PROVISIONING_PROFILE = "";
			};
			name = Debug;
		};
		AAFDAFAA1CF5784500EC8923 /* Release */ = {
			isa = XCBuildConfiguration;
			buildSettings = {
				ASSETCATALOG_COMPILER_APPICON_NAME = AppIcon;
				CODE_SIGN_IDENTITY = "Developer ID Application";
				"CODE_SIGN_IDENTITY[sdk=macosx*]" = "Mac Developer";
				COMBINE_HIDPI_IMAGES = YES;
				INFOPLIST_FILE = ExifViewer/Info.plist;
				LD_RUNPATH_SEARCH_PATHS = "$(inherited) @executable_path/../Frameworks";
				PRODUCT_BUNDLE_IDENTIFIER = com.mcxiaoke.osx.ExifViewer;
				PRODUCT_NAME = "$(TARGET_NAME)";
				PROVISIONING_PROFILE = "";
			};
			name = Release;
		};
		AAFDAFAC1CF5784500EC8923 /* Debug */ = {
			isa = XCBuildConfiguration;
			buildSettings = {
				BUNDLE_LOADER = "$(TEST_HOST)";
				COMBINE_HIDPI_IMAGES = YES;
				INFOPLIST_FILE = ExifViewerTests/Info.plist;
				LD_RUNPATH_SEARCH_PATHS = "$(inherited) @executable_path/../Frameworks @loader_path/../Frameworks";
				PRODUCT_BUNDLE_IDENTIFIER = com.mcxiaoke.osx.ExifViewerTests;
				PRODUCT_NAME = "$(TARGET_NAME)";
				TEST_HOST = "$(BUILT_PRODUCTS_DIR)/ExifViewer.app/Contents/MacOS/ExifViewer";
			};
			name = Debug;
		};
		AAFDAFAD1CF5784500EC8923 /* Release */ = {
			isa = XCBuildConfiguration;
			buildSettings = {
				BUNDLE_LOADER = "$(TEST_HOST)";
				COMBINE_HIDPI_IMAGES = YES;
				INFOPLIST_FILE = ExifViewerTests/Info.plist;
				LD_RUNPATH_SEARCH_PATHS = "$(inherited) @executable_path/../Frameworks @loader_path/../Frameworks";
				PRODUCT_BUNDLE_IDENTIFIER = com.mcxiaoke.osx.ExifViewerTests;
				PRODUCT_NAME = "$(TARGET_NAME)";
				TEST_HOST = "$(BUILT_PRODUCTS_DIR)/ExifViewer.app/Contents/MacOS/ExifViewer";
			};
			name = Release;
		};
/* End XCBuildConfiguration section */

/* Begin XCConfigurationList section */
		AAFDAF891CF5784500EC8923 /* Build configuration list for PBXProject "ExifViewer" */ = {
			isa = XCConfigurationList;
			buildConfigurations = (
				AAFDAFA61CF5784500EC8923 /* Debug */,
				AAFDAFA71CF5784500EC8923 /* Release */,
			);
			defaultConfigurationIsVisible = 0;
			defaultConfigurationName = Release;
		};
		AAFDAFA81CF5784500EC8923 /* Build configuration list for PBXNativeTarget "ExifViewer" */ = {
			isa = XCConfigurationList;
			buildConfigurations = (
				AAFDAFA91CF5784500EC8923 /* Debug */,
				AAFDAFAA1CF5784500EC8923 /* Release */,
			);
			defaultConfigurationIsVisible = 0;
			defaultConfigurationName = Release;
		};
		AAFDAFAB1CF5784500EC8923 /* Build configuration list for PBXNativeTarget "ExifViewerTests" */ = {
			isa = XCConfigurationList;
			buildConfigurations = (
				AAFDAFAC1CF5784500EC8923 /* Debug */,
				AAFDAFAD1CF5784500EC8923 /* Release */,
			);
			defaultConfigurationIsVisible = 0;
			defaultConfigurationName = Release;
		};
/* End XCConfigurationList section */
	};
	rootObject = AAFDAF861CF5784500EC8923 /* Project object */;
}
