// !$*UTF8*$!
{
	archiveVersion = 1;
	classes = {
	};
	objectVersion = 46;
	objects = {

/* Begin PBXBuildFile section */
		AAE474C81B882D1300DED003 /* main.m in Sources */ = {isa = PBXBuildFile; fileRef = AAE474C71B882D1300DED003 /* main.m */; };
		AAE474CB1B882D1300DED003 /* AppDelegate.m in Sources */ = {isa = PBXBuildFile; fileRef = AAE474CA1B882D1300DED003 /* AppDelegate.m */; };
		AAE474CE1B882D1300DED003 /* MasterViewController.m in Sources */ = {isa = PBXBuildFile; fileRef = AAE474CD1B882D1300DED003 /* MasterViewController.m */; };
		AAE474D11B882D1300DED003 /* DetailViewController.m in Sources */ = {isa = PBXBuildFile; fileRef = AAE474D01B882D1300DED003 /* DetailViewController.m */; };
		AAE474D41B882D1300DED003 /* Main.storyboard in Resources */ = {isa = PBXBuildFile; fileRef = AAE474D21B882D1300DED003 /* Main.storyboard */; };
		AAE474D61B882D1300DED003 /* Images.xcassets in Resources */ = {isa = PBXBuildFile; fileRef = AAE474D51B882D1300DED003 /* Images.xcassets */; };
		AAE474D91B882D1300DED003 /* LaunchScreen.xib in Resources */ = {isa = PBXBuildFile; fileRef = AAE474D71B882D1300DED003 /* LaunchScreen.xib */; };
		AAE474E51B882D1300DED003 /* HelloMasterDetailTests.m in Sources */ = {isa = PBXBuildFile; fileRef = AAE474E41B882D1300DED003 /* HelloMasterDetailTests.m */; };
/* End PBXBuildFile section */

/* Begin PBXContainerItemProxy section */
		AAE474DF1B882D1300DED003 /* PBXContainerItemProxy */ = {
			isa = PBXContainerItemProxy;
			containerPortal = AAE474BA1B882D1300DED003 /* Project object */;
			proxyType = 1;
			remoteGlobalIDString = AAE474C11B882D1300DED003;
			remoteInfo = HelloMasterDetail;
		};
/* End PBXContainerItemProxy section */

/* Begin PBXFileReference section */
		AAE474C21B882D1300DED003 /* HelloMasterDetail.app */ = {isa = PBXFileReference; explicitFileType = wrapper.application; includeInIndex = 0; path = HelloMasterDetail.app; sourceTree = BUILT_PRODUCTS_DIR; };
		AAE474C61B882D1300DED003 /* Info.plist */ = {isa = PBXFileReference; lastKnownFileType = text.plist.xml; path = Info.plist; sourceTree = "<group>"; };
		AAE474C71B882D1300DED003 /* main.m */ = {isa = PBXFileReference; lastKnownFileType = sourcecode.c.objc; path = main.m; sourceTree = "<group>"; };
		AAE474C91B882D1300DED003 /* AppDelegate.h */ = {isa = PBXFileReference; lastKnownFileType = sourcecode.c.h; path = AppDelegate.h; sourceTree = "<group>"; };
		AAE474CA1B882D1300DED003 /* AppDelegate.m */ = {isa = PBXFileReference; lastKnownFileType = sourcecode.c.objc; path = AppDelegate.m; sourceTree = "<group>"; };
		AAE474CC1B882D1300DED003 /* MasterViewController.h */ = {isa = PBXFileReference; lastKnownFileType = sourcecode.c.h; path = MasterViewController.h; sourceTree = "<group>"; };
		AAE474CD1B882D1300DED003 /* MasterViewController.m */ = {isa = PBXFileReference; lastKnownFileType = sourcecode.c.objc; path = MasterViewController.m; sourceTree = "<group>"; };
		AAE474CF1B882D1300DED003 /* DetailViewController.h */ = {isa = PBXFileReference; lastKnownFileType = sourcecode.c.h; path = DetailViewController.h; sourceTree = "<group>"; };
		AAE474D01B882D1300DED003 /* DetailViewController.m */ = {isa = PBXFileReference; lastKnownFileType = sourcecode.c.objc; path = DetailViewController.m; sourceTree = "<group>"; };
		AAE474D31B882D1300DED003 /* Base */ = {isa = PBXFileReference; lastKnownFileType = file.storyboard; name = Base; path = Base.lproj/Main.storyboard; sourceTree = "<group>"; };
		AAE474D51B882D1300DED003 /* Images.xcassets */ = {isa = PBXFileReference; lastKnownFileType = folder.assetcatalog; path = Images.xcassets; sourceTree = "<group>"; };
		AAE474D81B882D1300DED003 /* Base */ = {isa = PBXFileReference; lastKnownFileType = file.xib; name = Base; path = Base.lproj/LaunchScreen.xib; sourceTree = "<group>"; };
		AAE474DE1B882D1300DED003 /* HelloMasterDetailTests.xctest */ = {isa = PBXFileReference; explicitFileType = wrapper.cfbundle; includeInIndex = 0; path = HelloMasterDetailTests.xctest; sourceTree = BUILT_PRODUCTS_DIR; };
		AAE474E31B882D1300DED003 /* Info.plist */ = {isa = PBXFileReference; lastKnownFileType = text.plist.xml; path = Info.plist; sourceTree = "<group>"; };
		AAE474E41B882D1300DED003 /* HelloMasterDetailTests.m */ = {isa = PBXFileReference; lastKnownFileType = sourcecode.c.objc; path = HelloMasterDetailTests.m; sourceTree = "<group>"; };
/* End PBXFileReference section */

/* Begin PBXFrameworksBuildPhase section */
		AAE474BF1B882D1300DED003 /* Frameworks */ = {
			isa = PBXFrameworksBuildPhase;
			buildActionMask = 2147483647;
			files = (
			);
			runOnlyForDeploymentPostprocessing = 0;
		};
		AAE474DB1B882D1300DED003 /* Frameworks */ = {
			isa = PBXFrameworksBuildPhase;
			buildActionMask = 2147483647;
			files = (
			);
			runOnlyForDeploymentPostprocessing = 0;
		};
/* End PBXFrameworksBuildPhase section */

/* Begin PBXGroup section */
		AAE474B91B882D1300DED003 = {
			isa = PBXGroup;
			children = (
				AAE474C41B882D1300DED003 /* HelloMasterDetail */,
				AAE474E11B882D1300DED003 /* HelloMasterDetailTests */,
				AAE474C31B882D1300DED003 /* Products */,
			);
			sourceTree = "<group>";
		};
		AAE474C31B882D1300DED003 /* Products */ = {
			isa = PBXGroup;
			children = (
				AAE474C21B882D1300DED003 /* HelloMasterDetail.app */,
				AAE474DE1B882D1300DED003 /* HelloMasterDetailTests.xctest */,
			);
			name = Products;
			sourceTree = "<group>";
		};
		AAE474C41B882D1300DED003 /* HelloMasterDetail */ = {
			isa = PBXGroup;
			children = (
				AAE474C91B882D1300DED003 /* AppDelegate.h */,
				AAE474CA1B882D1300DED003 /* AppDelegate.m */,
				AAE474CC1B882D1300DED003 /* MasterViewController.h */,
				AAE474CD1B882D1300DED003 /* MasterViewController.m */,
				AAE474CF1B882D1300DED003 /* DetailViewController.h */,
				AAE474D01B882D1300DED003 /* DetailViewController.m */,
				AAE474D21B882D1300DED003 /* Main.storyboard */,
				AAE474D51B882D1300DED003 /* Images.xcassets */,
				AAE474D71B882D1300DED003 /* LaunchScreen.xib */,
				AAE474C51B882D1300DED003 /* Supporting Files */,
			);
			path = HelloMasterDetail;
			sourceTree = "<group>";
		};
		AAE474C51B882D1300DED003 /* Supporting Files */ = {
			isa = PBXGroup;
			children = (
				AAE474C61B882D1300DED003 /* Info.plist */,
				AAE474C71B882D1300DED003 /* main.m */,
			);
			name = "Supporting Files";
			sourceTree = "<group>";
		};
		AAE474E11B882D1300DED003 /* HelloMasterDetailTests */ = {
			isa = PBXGroup;
			children = (
				AAE474E41B882D1300DED003 /* HelloMasterDetailTests.m */,
				AAE474E21B882D1300DED003 /* Supporting Files */,
			);
			path = HelloMasterDetailTests;
			sourceTree = "<group>";
		};
		AAE474E21B882D1300DED003 /* Supporting Files */ = {
			isa = PBXGroup;
			children = (
				AAE474E31B882D1300DED003 /* Info.plist */,
			);
			name = "Supporting Files";
			sourceTree = "<group>";
		};
/* End PBXGroup section */

/* Begin PBXNativeTarget section */
		AAE474C11B882D1300DED003 /* HelloMasterDetail */ = {
			isa = PBXNativeTarget;
			buildConfigurationList = AAE474E81B882D1300DED003 /* Build configuration list for PBXNativeTarget "HelloMasterDetail" */;
			buildPhases = (
				AAE474BE1B882D1300DED003 /* Sources */,
				AAE474BF1B882D1300DED003 /* Frameworks */,
				AAE474C01B882D1300DED003 /* Resources */,
			);
			buildRules = (
			);
			dependencies = (
			);
			name = HelloMasterDetail;
			productName = HelloMasterDetail;
			productReference = AAE474C21B882D1300DED003 /* HelloMasterDetail.app */;
			productType = "com.apple.product-type.application";
		};
		AAE474DD1B882D1300DED003 /* HelloMasterDetailTests */ = {
			isa = PBXNativeTarget;
			buildConfigurationList = AAE474EB1B882D1300DED003 /* Build configuration list for PBXNativeTarget "HelloMasterDetailTests" */;
			buildPhases = (
				AAE474DA1B882D1300DED003 /* Sources */,
				AAE474DB1B882D1300DED003 /* Frameworks */,
				AAE474DC1B882D1300DED003 /* Resources */,
			);
			buildRules = (
			);
			dependencies = (
				AAE474E01B882D1300DED003 /* PBXTargetDependency */,
			);
			name = HelloMasterDetailTests;
			productName = HelloMasterDetailTests;
			productReference = AAE474DE1B882D1300DED003 /* HelloMasterDetailTests.xctest */;
			productType = "com.apple.product-type.bundle.unit-test";
		};
/* End PBXNativeTarget section */

/* Begin PBXProject section */
		AAE474BA1B882D1300DED003 /* Project object */ = {
			isa = PBXProject;
			attributes = {
				LastUpgradeCheck = 0640;
				ORGANIZATIONNAME = mcxiaoke;
				TargetAttributes = {
					AAE474C11B882D1300DED003 = {
						CreatedOnToolsVersion = 6.4;
					};
					AAE474DD1B882D1300DED003 = {
						CreatedOnToolsVersion = 6.4;
						TestTargetID = AAE474C11B882D1300DED003;
					};
				};
			};
			buildConfigurationList = AAE474BD1B882D1300DED003 /* Build configuration list for PBXProject "HelloMasterDetail" */;
			compatibilityVersion = "Xcode 3.2";
			developmentRegion = English;
			hasScannedForEncodings = 0;
			knownRegions = (
				en,
				Base,
			);
			mainGroup = AAE474B91B882D1300DED003;
			productRefGroup = AAE474C31B882D1300DED003 /* Products */;
			projectDirPath = "";
			projectRoot = "";
			targets = (
				AAE474C11B882D1300DED003 /* HelloMasterDetail */,
				AAE474DD1B882D1300DED003 /* HelloMasterDetailTests */,
			);
		};
/* End PBXProject section */

/* Begin PBXResourcesBuildPhase section */
		AAE474C01B882D1300DED003 /* Resources */ = {
			isa = PBXResourcesBuildPhase;
			buildActionMask = 2147483647;
			files = (
				AAE474D41B882D1300DED003 /* Main.storyboard in Resources */,
				AAE474D91B882D1300DED003 /* LaunchScreen.xib in Resources */,
				AAE474D61B882D1300DED003 /* Images.xcassets in Resources */,
			);
			runOnlyForDeploymentPostprocessing = 0;
		};
		AAE474DC1B882D1300DED003 /* Resources */ = {
			isa = PBXResourcesBuildPhase;
			buildActionMask = 2147483647;
			files = (
			);
			runOnlyForDeploymentPostprocessing = 0;
		};
/* End PBXResourcesBuildPhase section */

/* Begin PBXSourcesBuildPhase section */
		AAE474BE1B882D1300DED003 /* Sources */ = {
			isa = PBXSourcesBuildPhase;
			buildActionMask = 2147483647;
			files = (
				AAE474CB1B882D1300DED003 /* AppDelegate.m in Sources */,
				AAE474CE1B882D1300DED003 /* MasterViewController.m in Sources */,
				AAE474C81B882D1300DED003 /* main.m in Sources */,
				AAE474D11B882D1300DED003 /* DetailViewController.m in Sources */,
			);
			runOnlyForDeploymentPostprocessing = 0;
		};
		AAE474DA1B882D1300DED003 /* Sources */ = {
			isa = PBXSourcesBuildPhase;
			buildActionMask = 2147483647;
			files = (
				AAE474E51B882D1300DED003 /* HelloMasterDetailTests.m in Sources */,
			);
			runOnlyForDeploymentPostprocessing = 0;
		};
/* End PBXSourcesBuildPhase section */

/* Begin PBXTargetDependency section */
		AAE474E01B882D1300DED003 /* PBXTargetDependency */ = {
			isa = PBXTargetDependency;
			target = AAE474C11B882D1300DED003 /* HelloMasterDetail */;
			targetProxy = AAE474DF1B882D1300DED003 /* PBXContainerItemProxy */;
		};
/* End PBXTargetDependency section */

/* Begin PBXVariantGroup section */
		AAE474D21B882D1300DED003 /* Main.storyboard */ = {
			isa = PBXVariantGroup;
			children = (
				AAE474D31B882D1300DED003 /* Base */,
			);
			name = Main.storyboard;
			sourceTree = "<group>";
		};
		AAE474D71B882D1300DED003 /* LaunchScreen.xib */ = {
			isa = PBXVariantGroup;
			children = (
				AAE474D81B882D1300DED003 /* Base */,
			);
			name = LaunchScreen.xib;
			sourceTree = "<group>";
		};
/* End PBXVariantGroup section */

/* Begin XCBuildConfiguration section */
		AAE474E61B882D1300DED003 /* Debug */ = {
			isa = XCBuildConfiguration;
			buildSettings = {
				ALWAYS_SEARCH_USER_PATHS = NO;
				CLANG_CXX_LANGUAGE_STANDARD = "gnu++0x";
				CLANG_CXX_LIBRARY = "libc++";
				CLANG_ENABLE_MODULES = YES;
				CLANG_ENABLE_OBJC_ARC = YES;
				CLANG_WARN_BOOL_CONVERSION = YES;
				CLANG_WARN_CONSTANT_CONVERSION = YES;
				CLANG_WARN_DIRECT_OBJC_ISA_USAGE = YES_ERROR;
				CLANG_WARN_EMPTY_BODY = YES;
				CLANG_WARN_ENUM_CONVERSION = YES;
				CLANG_WARN_INT_CONVERSION = YES;
				CLANG_WARN_OBJC_ROOT_CLASS = YES_ERROR;
				CLANG_WARN_UNREACHABLE_CODE = YES;
				CLANG_WARN__DUPLICATE_METHOD_MATCH = YES;
				"CODE_SIGN_IDENTITY[sdk=iphoneos*]" = "iPhone Developer";
				COPY_PHASE_STRIP = NO;
				DEBUG_INFORMATION_FORMAT = "dwarf-with-dsym";
				ENABLE_STRICT_OBJC_MSGSEND = YES;
				GCC_C_LANGUAGE_STANDARD = gnu99;
				GCC_DYNAMIC_NO_PIC = NO;
				GCC_NO_COMMON_BLOCKS = YES;
				GCC_OPTIMIZATION_LEVEL = 0;
				GCC_PREPROCESSOR_DEFINITIONS = (
					"DEBUG=1",
					"$(inherited)",
				);
				GCC_SYMBOLS_PRIVATE_EXTERN = NO;
				GCC_WARN_64_TO_32_BIT_CONVERSION = YES;
				GCC_WARN_ABOUT_RETURN_TYPE = YES_ERROR;
				GCC_WARN_UNDECLARED_SELECTOR = YES;
				GCC_WARN_UNINITIALIZED_AUTOS = YES_AGGRESSIVE;
				GCC_WARN_UNUSED_FUNCTION = YES;
				GCC_WARN_UNUSED_VARIABLE = YES;
				IPHONEOS_DEPLOYMENT_TARGET = 8.4;
				MTL_ENABLE_DEBUG_INFO = YES;
				ONLY_ACTIVE_ARCH = YES;
				SDKROOT = iphoneos;
				TARGETED_DEVICE_FAMILY = "1,2";
			};
			name = Debug;
		};
		AAE474E71B882D1300DED003 /* Release */ = {
			isa = XCBuildConfiguration;
			buildSettings = {
				ALWAYS_SEARCH_USER_PATHS = NO;
				CLANG_CXX_LANGUAGE_STANDARD = "gnu++0x";
				CLANG_CXX_LIBRARY = "libc++";
				CLANG_ENABLE_MODULES = YES;
				CLANG_ENABLE_OBJC_ARC = YES;
				CLANG_WARN_BOOL_CONVERSION = YES;
				CLANG_WARN_CONSTANT_CONVERSION = YES;
				CLANG_WARN_DIRECT_OBJC_ISA_USAGE = YES_ERROR;
				CLANG_WARN_EMPTY_BODY = YES;
				CLANG_WARN_ENUM_CONVERSION = YES;
				CLANG_WARN_INT_CONVERSION = YES;
				CLANG_WARN_OBJC_ROOT_CLASS = YES_ERROR;
				CLANG_WARN_UNREACHABLE_CODE = YES;
				CLANG_WARN__DUPLICATE_METHOD_MATCH = YES;
				"CODE_SIGN_IDENTITY[sdk=iphoneos*]" = "iPhone Developer";
				COPY_PHASE_STRIP = NO;
				DEBUG_INFORMATION_FORMAT = "dwarf-with-dsym";
				ENABLE_NS_ASSERTIONS = NO;
				ENABLE_STRICT_OBJC_MSGSEND = YES;
				GCC_C_LANGUAGE_STANDARD = gnu99;
				GCC_NO_COMMON_BLOCKS = YES;
				GCC_WARN_64_TO_32_BIT_CONVERSION = YES;
				GCC_WARN_ABOUT_RETURN_TYPE = YES_ERROR;
				GCC_WARN_UNDECLARED_SELECTOR = YES;
				GCC_WARN_UNINITIALIZED_AUTOS = YES_AGGRESSIVE;
				GCC_WARN_UNUSED_FUNCTION = YES;
				GCC_WARN_UNUSED_VARIABLE = YES;
				IPHONEOS_DEPLOYMENT_TARGET = 8.4;
				MTL_ENABLE_DEBUG_INFO = NO;
				SDKROOT = iphoneos;
				TARGETED_DEVICE_FAMILY = "1,2";
				VALIDATE_PRODUCT = YES;
			};
			name = Release;
		};
		AAE474E91B882D1300DED003 /* Debug */ = {
			isa = XCBuildConfiguration;
			buildSettings = {
				ASSETCATALOG_COMPILER_APPICON_NAME = AppIcon;
				INFOPLIST_FILE = HelloMasterDetail/Info.plist;
				LD_RUNPATH_SEARCH_PATHS = "$(inherited) @executable_path/Frameworks";
				PRODUCT_NAME = "$(TARGET_NAME)";
			};
			name = Debug;
		};
		AAE474EA1B882D1300DED003 /* Release */ = {
			isa = XCBuildConfiguration;
			buildSettings = {
				ASSETCATALOG_COMPILER_APPICON_NAME = AppIcon;
				INFOPLIST_FILE = HelloMasterDetail/Info.plist;
				LD_RUNPATH_SEARCH_PATHS = "$(inherited) @executable_path/Frameworks";
				PRODUCT_NAME = "$(TARGET_NAME)";
			};
			name = Release;
		};
		AAE474EC1B882D1300DED003 /* Debug */ = {
			isa = XCBuildConfiguration;
			buildSettings = {
				BUNDLE_LOADER = "$(TEST_HOST)";
				FRAMEWORK_SEARCH_PATHS = (
					"$(SDKROOT)/Developer/Library/Frameworks",
					"$(inherited)",
				);
				GCC_PREPROCESSOR_DEFINITIONS = (
					"DEBUG=1",
					"$(inherited)",
				);
				INFOPLIST_FILE = HelloMasterDetailTests/Info.plist;
				LD_RUNPATH_SEARCH_PATHS = "$(inherited) @executable_path/Frameworks @loader_path/Frameworks";
				PRODUCT_NAME = "$(TARGET_NAME)";
				TEST_HOST = "$(BUILT_PRODUCTS_DIR)/HelloMasterDetail.app/HelloMasterDetail";
			};
			name = Debug;
		};
		AAE474ED1B882D1300DED003 /* Release */ = {
			isa = XCBuildConfiguration;
			buildSettings = {
				BUNDLE_LOADER = "$(TEST_HOST)";
				FRAMEWORK_SEARCH_PATHS = (
					"$(SDKROOT)/Developer/Library/Frameworks",
					"$(inherited)",
				);
				INFOPLIST_FILE = HelloMasterDetailTests/Info.plist;
				LD_RUNPATH_SEARCH_PATHS = "$(inherited) @executable_path/Frameworks @loader_path/Frameworks";
				PRODUCT_NAME = "$(TARGET_NAME)";
				TEST_HOST = "$(BUILT_PRODUCTS_DIR)/HelloMasterDetail.app/HelloMasterDetail";
			};
			name = Release;
		};
/* End XCBuildConfiguration section */

/* Begin XCConfigurationList section */
		AAE474BD1B882D1300DED003 /* Build configuration list for PBXProject "HelloMasterDetail" */ = {
			isa = XCConfigurationList;
			buildConfigurations = (
				AAE474E61B882D1300DED003 /* Debug */,
				AAE474E71B882D1300DED003 /* Release */,
			);
			defaultConfigurationIsVisible = 0;
			defaultConfigurationName = Release;
		};
		AAE474E81B882D1300DED003 /* Build configuration list for PBXNativeTarget "HelloMasterDetail" */ = {
			isa = XCConfigurationList;
			buildConfigurations = (
				AAE474E91B882D1300DED003 /* Debug */,
				AAE474EA1B882D1300DED003 /* Release */,
			);
			defaultConfigurationIsVisible = 0;
		};
		AAE474EB1B882D1300DED003 /* Build configuration list for PBXNativeTarget "HelloMasterDetailTests" */ = {
			isa = XCConfigurationList;
			buildConfigurations = (
				AAE474EC1B882D1300DED003 /* Debug */,
				AAE474ED1B882D1300DED003 /* Release */,
			);
			defaultConfigurationIsVisible = 0;
		};
/* End XCConfigurationList section */
	};
	rootObject = AAE474BA1B882D1300DED003 /* Project object */;
}
